// !$*UTF8*$!
{
	archiveVersion = 1;
	classes = {
	};
	objectVersion = 55;
	objects = {

/* Begin PBXBuildFile section */
		47BD7F3EE5313A21A8BFC51D /* Pods_instagram.framework in Frameworks */ = {isa = PBXBuildFile; fileRef = 8686EC0225EE1BC0ABC6D2E0 /* Pods_instagram.framework */; };
		8B0AAABA29412A1600DA77AA /* FollowRecommendTableViewCell.swift in Sources */ = {isa = PBXBuildFile; fileRef = 8B0AAAB829412A1600DA77AA /* FollowRecommendTableViewCell.swift */; };
		8B0AAABB29412A1600DA77AA /* FollowRecommendTableViewCell.xib in Resources */ = {isa = PBXBuildFile; fileRef = 8B0AAAB929412A1600DA77AA /* FollowRecommendTableViewCell.xib */; };
		8B0AAABE29412C8100DA77AA /* RecommendResponse.swift in Sources */ = {isa = PBXBuildFile; fileRef = 8B0AAABD29412C8100DA77AA /* RecommendResponse.swift */; };
		8B0AAAC029412C9600DA77AA /* RecommendDataManager.swift in Sources */ = {isa = PBXBuildFile; fileRef = 8B0AAABF29412C9600DA77AA /* RecommendDataManager.swift */; };
		8B0AAAC3294189CB00DA77AA /* SearchBarCollectionViewCell.swift in Sources */ = {isa = PBXBuildFile; fileRef = 8B0AAAC1294189CB00DA77AA /* SearchBarCollectionViewCell.swift */; };
		8B0AAAC4294189CB00DA77AA /* SearchBarCollectionViewCell.xib in Resources */ = {isa = PBXBuildFile; fileRef = 8B0AAAC2294189CB00DA77AA /* SearchBarCollectionViewCell.xib */; };
		8B0AAAC62941904000DA77AA /* ShopDetailViewController.swift in Sources */ = {isa = PBXBuildFile; fileRef = 8B0AAAC52941904000DA77AA /* ShopDetailViewController.swift */; };
		8B0AAAC9294192F100DA77AA /* ShopDetailResponse.swift in Sources */ = {isa = PBXBuildFile; fileRef = 8B0AAAC8294192F100DA77AA /* ShopDetailResponse.swift */; };
		8B0AAACB2941933300DA77AA /* ShopDetailDataManager.swift in Sources */ = {isa = PBXBuildFile; fileRef = 8B0AAACA2941933300DA77AA /* ShopDetailDataManager.swift */; };
		8B0AAACD2941E46100DA77AA /* LikesViewController.swift in Sources */ = {isa = PBXBuildFile; fileRef = 8B0AAACC2941E46100DA77AA /* LikesViewController.swift */; };
		8B0AAAD32941E62800DA77AA /* FeedLikesResponse.swift in Sources */ = {isa = PBXBuildFile; fileRef = 8B0AAAD22941E62800DA77AA /* FeedLikesResponse.swift */; };
		8B0AAAD52941E63F00DA77AA /* FeedLikesDataManager.swift in Sources */ = {isa = PBXBuildFile; fileRef = 8B0AAAD42941E63E00DA77AA /* FeedLikesDataManager.swift */; };
		8B0AAAD92941ECCA00DA77AA /* LikesTableViewCell.swift in Sources */ = {isa = PBXBuildFile; fileRef = 8B0AAAD72941ECCA00DA77AA /* LikesTableViewCell.swift */; };
		8B0AAADA2941ECCA00DA77AA /* LikesTableViewCell.xib in Resources */ = {isa = PBXBuildFile; fileRef = 8B0AAAD82941ECCA00DA77AA /* LikesTableViewCell.xib */; };
		8B0AAADD2941ECFE00DA77AA /* LikesTableViewCellTwo.swift in Sources */ = {isa = PBXBuildFile; fileRef = 8B0AAADB2941ECFE00DA77AA /* LikesTableViewCellTwo.swift */; };
		8B0AAADE2941ECFE00DA77AA /* LikesTableViewCellTwo.xib in Resources */ = {isa = PBXBuildFile; fileRef = 8B0AAADC2941ECFE00DA77AA /* LikesTableViewCellTwo.xib */; };
		8B0AAAE12942152B00DA77AA /* RegisterRequest.swift in Sources */ = {isa = PBXBuildFile; fileRef = 8B0AAAE02942152A00DA77AA /* RegisterRequest.swift */; };
		8B0AAAE32942153F00DA77AA /* RegisterResponse.swift in Sources */ = {isa = PBXBuildFile; fileRef = 8B0AAAE22942153F00DA77AA /* RegisterResponse.swift */; };
		8B0AAAE52942156400DA77AA /* RegisterDataManager.swift in Sources */ = {isa = PBXBuildFile; fileRef = 8B0AAAE42942156400DA77AA /* RegisterDataManager.swift */; };
		8B0AAAE72942417200DA77AA /* UploadResponse.swift in Sources */ = {isa = PBXBuildFile; fileRef = 8B0AAAE62942417100DA77AA /* UploadResponse.swift */; };
		8B0AAAE92942419700DA77AA /* UploadRequest.swift in Sources */ = {isa = PBXBuildFile; fileRef = 8B0AAAE82942419700DA77AA /* UploadRequest.swift */; };
		8B0AAAEB294241B500DA77AA /* UploadDataManager.swift in Sources */ = {isa = PBXBuildFile; fileRef = 8B0AAAEA294241B500DA77AA /* UploadDataManager.swift */; };
		8B0AAAEE2942423F00DA77AA /* AlarmResponse.swift in Sources */ = {isa = PBXBuildFile; fileRef = 8B0AAAED2942423F00DA77AA /* AlarmResponse.swift */; };
		8B0AAAF02942425200DA77AA /* AlarmDataManager.swift in Sources */ = {isa = PBXBuildFile; fileRef = 8B0AAAEF2942425200DA77AA /* AlarmDataManager.swift */; };
		8B0BB79D2940A9810034393B /* FollowingResponse.swift in Sources */ = {isa = PBXBuildFile; fileRef = 8B0BB79C2940A9810034393B /* FollowingResponse.swift */; };
		8B0BB79F2940A9940034393B /* FollowerResponse.swift in Sources */ = {isa = PBXBuildFile; fileRef = 8B0BB79E2940A9940034393B /* FollowerResponse.swift */; };
		8B0BB7A12940A9A60034393B /* FollowingDataManager.swift in Sources */ = {isa = PBXBuildFile; fileRef = 8B0BB7A02940A9A60034393B /* FollowingDataManager.swift */; };
		8B0BB7A42940C3F30034393B /* ReelsCollectionViewCell.swift in Sources */ = {isa = PBXBuildFile; fileRef = 8B0BB7A22940C3F30034393B /* ReelsCollectionViewCell.swift */; };
		8B0BB7A52940C3F30034393B /* ReelsCollectionViewCell.xib in Resources */ = {isa = PBXBuildFile; fileRef = 8B0BB7A32940C3F30034393B /* ReelsCollectionViewCell.xib */; };
		8B0BB7A82940F2C00034393B /* FeedResponse.swift in Sources */ = {isa = PBXBuildFile; fileRef = 8B0BB7A72940F2C00034393B /* FeedResponse.swift */; };
		8B0BB7AA2940F2D30034393B /* FeedDataManager.swift in Sources */ = {isa = PBXBuildFile; fileRef = 8B0BB7A92940F2D30034393B /* FeedDataManager.swift */; };
		8B0BB7AD294107EA0034393B /* FeedCommentResponse.swift in Sources */ = {isa = PBXBuildFile; fileRef = 8B0BB7AC294107EA0034393B /* FeedCommentResponse.swift */; };
		8B0BB7AF294108070034393B /* FeedCommentDataManager.swift in Sources */ = {isa = PBXBuildFile; fileRef = 8B0BB7AE294108070034393B /* FeedCommentDataManager.swift */; };
		8B0BB7B22941146E0034393B /* CommentTableViewCell.swift in Sources */ = {isa = PBXBuildFile; fileRef = 8B0BB7B02941146E0034393B /* CommentTableViewCell.swift */; };
		8B0BB7B32941146E0034393B /* CommentTableViewCell.xib in Resources */ = {isa = PBXBuildFile; fileRef = 8B0BB7B12941146E0034393B /* CommentTableViewCell.xib */; };
		8B0BB7B9294122420034393B /* FollowRecommendViewController.swift in Sources */ = {isa = PBXBuildFile; fileRef = 8B0BB7B8294122420034393B /* FollowRecommendViewController.swift */; };
		8B4A801E2933C58500BB985E /* LoginVC.swift in Sources */ = {isa = PBXBuildFile; fileRef = 8B4A801D2933C58500BB985E /* LoginVC.swift */; };
		8B4A80202933C66800BB985E /* RegisterVC.swift in Sources */ = {isa = PBXBuildFile; fileRef = 8B4A801F2933C66800BB985E /* RegisterVC.swift */; };
		8B9F0C32293DD223003E2DD5 /* RegisterLastVC.swift in Sources */ = {isa = PBXBuildFile; fileRef = 8B9F0C31293DD223003E2DD5 /* RegisterLastVC.swift */; };
		8B9F0C34293E0E3A003E2DD5 /* SignupResponse.swift in Sources */ = {isa = PBXBuildFile; fileRef = 8B9F0C33293E0E3A003E2DD5 /* SignupResponse.swift */; };
		8B9F0C36293E15F0003E2DD5 /* SignInRequest.swift in Sources */ = {isa = PBXBuildFile; fileRef = 8B9F0C35293E15F0003E2DD5 /* SignInRequest.swift */; };
		8B9F0C38293E1603003E2DD5 /* SignInResponse.swift in Sources */ = {isa = PBXBuildFile; fileRef = 8B9F0C37293E1603003E2DD5 /* SignInResponse.swift */; };
		8B9F0C3A293E1619003E2DD5 /* SignInDataManager.swift in Sources */ = {isa = PBXBuildFile; fileRef = 8B9F0C39293E1619003E2DD5 /* SignInDataManager.swift */; };
		8B9F0C3C293E2A04003E2DD5 /* Constant.swift in Sources */ = {isa = PBXBuildFile; fileRef = 8B9F0C3B293E2A03003E2DD5 /* Constant.swift */; };
		8B9F0C43293EE743003E2DD5 /* ShopResponse.swift in Sources */ = {isa = PBXBuildFile; fileRef = 8B9F0C42293EE743003E2DD5 /* ShopResponse.swift */; };
		8B9F0C47293EE769003E2DD5 /* ShopDataManager.swift in Sources */ = {isa = PBXBuildFile; fileRef = 8B9F0C46293EE769003E2DD5 /* ShopDataManager.swift */; };
		8B9F0C49293F6A62003E2DD5 /* VideoPlayerView.swift in Sources */ = {isa = PBXBuildFile; fileRef = 8B9F0C48293F6A62003E2DD5 /* VideoPlayerView.swift */; };
		8B9F0C4C293F7440003E2DD5 /* ReelsResponse.swift in Sources */ = {isa = PBXBuildFile; fileRef = 8B9F0C4B293F7440003E2DD5 /* ReelsResponse.swift */; };
		8B9F0C4E293F745A003E2DD5 /* ReelsDataManager.swift in Sources */ = {isa = PBXBuildFile; fileRef = 8B9F0C4D293F745A003E2DD5 /* ReelsDataManager.swift */; };
		8B9F0C53294021DE003E2DD5 /* SearchResponse.swift in Sources */ = {isa = PBXBuildFile; fileRef = 8B9F0C52294021DE003E2DD5 /* SearchResponse.swift */; };
		8B9F0C55294021F3003E2DD5 /* SearchDataManager.swift in Sources */ = {isa = PBXBuildFile; fileRef = 8B9F0C54294021F3003E2DD5 /* SearchDataManager.swift */; };
		8B9F0C582940291E003E2DD5 /* MyFeedResponse.swift in Sources */ = {isa = PBXBuildFile; fileRef = 8B9F0C572940291E003E2DD5 /* MyFeedResponse.swift */; };
		8B9F0C5A29402930003E2DD5 /* MyFeedDataManager.swift in Sources */ = {isa = PBXBuildFile; fileRef = 8B9F0C5929402930003E2DD5 /* MyFeedDataManager.swift */; };
		8B9F0C5D29402C26003E2DD5 /* UserInfoResponse.swift in Sources */ = {isa = PBXBuildFile; fileRef = 8B9F0C5C29402C26003E2DD5 /* UserInfoResponse.swift */; };
		8B9F0C5F29402C39003E2DD5 /* UserInfoDataManager.swift in Sources */ = {isa = PBXBuildFile; fileRef = 8B9F0C5E29402C39003E2DD5 /* UserInfoDataManager.swift */; };
		8B9F0C6329408734003E2DD5 /* DetailViewController.swift in Sources */ = {isa = PBXBuildFile; fileRef = 8B9F0C6229408734003E2DD5 /* DetailViewController.swift */; };
		8B9F0C6729409FEB003E2DD5 /* MyFeedDetailViewController.swift in Sources */ = {isa = PBXBuildFile; fileRef = 8B9F0C6629409FEB003E2DD5 /* MyFeedDetailViewController.swift */; };
		8BB6A8952937712B008E34C3 /* DMViewController.swift in Sources */ = {isa = PBXBuildFile; fileRef = 8BB6A8942937712B008E34C3 /* DMViewController.swift */; };
		8BB6A898293771DB008E34C3 /* DMTableViewCellOne.swift in Sources */ = {isa = PBXBuildFile; fileRef = 8BB6A896293771DB008E34C3 /* DMTableViewCellOne.swift */; };
		8BB6A899293771DB008E34C3 /* DMTableViewCellOne.xib in Resources */ = {isa = PBXBuildFile; fileRef = 8BB6A897293771DB008E34C3 /* DMTableViewCellOne.xib */; };
		8BB6A89C29377348008E34C3 /* DMTableViewCellTwo.swift in Sources */ = {isa = PBXBuildFile; fileRef = 8BB6A89A29377348008E34C3 /* DMTableViewCellTwo.swift */; };
		8BB6A89D29377348008E34C3 /* DMTableViewCellTwo.xib in Resources */ = {isa = PBXBuildFile; fileRef = 8BB6A89B29377348008E34C3 /* DMTableViewCellTwo.xib */; };
		8BB7AC392933345E0024C219 /* AppDelegate.swift in Sources */ = {isa = PBXBuildFile; fileRef = 8BB7AC382933345E0024C219 /* AppDelegate.swift */; };
		8BB7AC3B2933345E0024C219 /* SceneDelegate.swift in Sources */ = {isa = PBXBuildFile; fileRef = 8BB7AC3A2933345E0024C219 /* SceneDelegate.swift */; };
		8BB7AC3D2933345E0024C219 /* ViewController.swift in Sources */ = {isa = PBXBuildFile; fileRef = 8BB7AC3C2933345E0024C219 /* ViewController.swift */; };
		8BB7AC402933345E0024C219 /* Main.storyboard in Resources */ = {isa = PBXBuildFile; fileRef = 8BB7AC3E2933345E0024C219 /* Main.storyboard */; };
		8BB7AC432933345E0024C219 /* instagram.xcdatamodeld in Sources */ = {isa = PBXBuildFile; fileRef = 8BB7AC412933345E0024C219 /* instagram.xcdatamodeld */; };
		8BB7AC45293334650024C219 /* Assets.xcassets in Resources */ = {isa = PBXBuildFile; fileRef = 8BB7AC44293334650024C219 /* Assets.xcassets */; };
		8BB7AC48293334650024C219 /* LaunchScreen.storyboard in Resources */ = {isa = PBXBuildFile; fileRef = 8BB7AC46293334650024C219 /* LaunchScreen.storyboard */; };
		8BB7AC53293334650024C219 /* instagramTests.swift in Sources */ = {isa = PBXBuildFile; fileRef = 8BB7AC52293334650024C219 /* instagramTests.swift */; };
		8BB7AC5D293334650024C219 /* instagramUITests.swift in Sources */ = {isa = PBXBuildFile; fileRef = 8BB7AC5C293334650024C219 /* instagramUITests.swift */; };
		8BB7AC5F293334650024C219 /* instagramUITestsLaunchTests.swift in Sources */ = {isa = PBXBuildFile; fileRef = 8BB7AC5E293334650024C219 /* instagramUITestsLaunchTests.swift */; };
		8BBD4D5C2936F80700044BF5 /* ShopViewController.swift in Sources */ = {isa = PBXBuildFile; fileRef = 8BBD4D5B2936F80700044BF5 /* ShopViewController.swift */; };
		8BBD4D5F2936F90300044BF5 /* ShopCollectionViewCellOne.swift in Sources */ = {isa = PBXBuildFile; fileRef = 8BBD4D5D2936F90300044BF5 /* ShopCollectionViewCellOne.swift */; };
		8BBD4D602936F90300044BF5 /* ShopCollectionViewCellOne.xib in Resources */ = {isa = PBXBuildFile; fileRef = 8BBD4D5E2936F90300044BF5 /* ShopCollectionViewCellOne.xib */; };
		8BBD4D632936F91B00044BF5 /* ShopCollectionViewCellTwo.swift in Sources */ = {isa = PBXBuildFile; fileRef = 8BBD4D612936F91B00044BF5 /* ShopCollectionViewCellTwo.swift */; };
		8BBD4D642936F91B00044BF5 /* ShopCollectionViewCellTwo.xib in Resources */ = {isa = PBXBuildFile; fileRef = 8BBD4D622936F91B00044BF5 /* ShopCollectionViewCellTwo.xib */; };
		8BDEEE762937572600DDAC63 /* CommentViewController.swift in Sources */ = {isa = PBXBuildFile; fileRef = 8BDEEE752937572600DDAC63 /* CommentViewController.swift */; };
		8BE9C485293448A2007CC965 /* HomeViewController.swift in Sources */ = {isa = PBXBuildFile; fileRef = 8BE9C484293448A1007CC965 /* HomeViewController.swift */; };
		8BE9C48829344ACC007CC965 /* FeedTableViewCell.swift in Sources */ = {isa = PBXBuildFile; fileRef = 8BE9C48629344ACC007CC965 /* FeedTableViewCell.swift */; };
		8BE9C48929344ACC007CC965 /* FeedTableViewCell.xib in Resources */ = {isa = PBXBuildFile; fileRef = 8BE9C48729344ACC007CC965 /* FeedTableViewCell.xib */; };
		8BE9C48D29347F8A007CC965 /* StoryTableViewCell.swift in Sources */ = {isa = PBXBuildFile; fileRef = 8BE9C48B29347F8A007CC965 /* StoryTableViewCell.swift */; };
		8BE9C48E29347F8A007CC965 /* StoryTableViewCell.xib in Resources */ = {isa = PBXBuildFile; fileRef = 8BE9C48C29347F8A007CC965 /* StoryTableViewCell.xib */; };
		8BE9C4912934857C007CC965 /* StoryCollectionViewCell.swift in Sources */ = {isa = PBXBuildFile; fileRef = 8BE9C48F2934857C007CC965 /* StoryCollectionViewCell.swift */; };
		8BE9C4922934857C007CC965 /* StoryCollectionViewCell.xib in Resources */ = {isa = PBXBuildFile; fileRef = 8BE9C4902934857C007CC965 /* StoryCollectionViewCell.xib */; };
		8BE9C4942934B69D007CC965 /* ProfileViewController.swift in Sources */ = {isa = PBXBuildFile; fileRef = 8BE9C4932934B69D007CC965 /* ProfileViewController.swift */; };
		8BE9C4982934BAF3007CC965 /* ProfileCollectionViewCell.swift in Sources */ = {isa = PBXBuildFile; fileRef = 8BE9C4962934BAF3007CC965 /* ProfileCollectionViewCell.swift */; };
		8BE9C4992934BAF3007CC965 /* ProfileCollectionViewCell.xib in Resources */ = {isa = PBXBuildFile; fileRef = 8BE9C4972934BAF3007CC965 /* ProfileCollectionViewCell.xib */; };
		8BE9C49C2934D87B007CC965 /* ProfileCollectionViewCellTwo.swift in Sources */ = {isa = PBXBuildFile; fileRef = 8BE9C49A2934D87B007CC965 /* ProfileCollectionViewCellTwo.swift */; };
		8BE9C49D2934D87B007CC965 /* ProfileCollectionViewCellTwo.xib in Resources */ = {isa = PBXBuildFile; fileRef = 8BE9C49B2934D87B007CC965 /* ProfileCollectionViewCellTwo.xib */; };
		8BE9C4A02934D99A007CC965 /* ProfileCollectionViewCellThree.swift in Sources */ = {isa = PBXBuildFile; fileRef = 8BE9C49E2934D99A007CC965 /* ProfileCollectionViewCellThree.swift */; };
		8BE9C4A12934D99A007CC965 /* ProfileCollectionViewCellThree.xib in Resources */ = {isa = PBXBuildFile; fileRef = 8BE9C49F2934D99A007CC965 /* ProfileCollectionViewCellThree.xib */; };
		8BE9C4A329350D05007CC965 /* SearchViewController.swift in Sources */ = {isa = PBXBuildFile; fileRef = 8BE9C4A229350D05007CC965 /* SearchViewController.swift */; };
		8BE9C4A7293510DE007CC965 /* FeedCollectionViewCell.swift in Sources */ = {isa = PBXBuildFile; fileRef = 8BE9C4A5293510DE007CC965 /* FeedCollectionViewCell.swift */; };
		8BE9C4A8293510DE007CC965 /* FeedCollectionViewCell.xib in Resources */ = {isa = PBXBuildFile; fileRef = 8BE9C4A6293510DE007CC965 /* FeedCollectionViewCell.xib */; };
		8BE9C4AB29351B23007CC965 /* ReelsViewController.swift in Sources */ = {isa = PBXBuildFile; fileRef = 8BE9C4AA29351B23007CC965 /* ReelsViewController.swift */; };
		8BE9C4B12935DE68007CC965 /* EveryData.swift in Sources */ = {isa = PBXBuildFile; fileRef = 8BE9C4B02935DE68007CC965 /* EveryData.swift */; };
		8BE9C4B32935E00C007CC965 /* UploadViewController.swift in Sources */ = {isa = PBXBuildFile; fileRef = 8BE9C4B22935E00B007CC965 /* UploadViewController.swift */; };
		8BE9C4B52935FCC4007CC965 /* NotifyViewController.swift in Sources */ = {isa = PBXBuildFile; fileRef = 8BE9C4B42935FCC3007CC965 /* NotifyViewController.swift */; };
		8BE9C4B8293600E0007CC965 /* NotifyTableViewCell.swift in Sources */ = {isa = PBXBuildFile; fileRef = 8BE9C4B6293600DF007CC965 /* NotifyTableViewCell.swift */; };
		8BE9C4B9293600E0007CC965 /* NotifyTableViewCell.xib in Resources */ = {isa = PBXBuildFile; fileRef = 8BE9C4B7293600E0007CC965 /* NotifyTableViewCell.xib */; };
		8BE9C4BB2936F06A007CC965 /* RegisterPhoneViewController.swift in Sources */ = {isa = PBXBuildFile; fileRef = 8BE9C4BA2936F069007CC965 /* RegisterPhoneViewController.swift */; };
/* End PBXBuildFile section */

/* Begin PBXContainerItemProxy section */
		8BB7AC4F293334650024C219 /* PBXContainerItemProxy */ = {
			isa = PBXContainerItemProxy;
			containerPortal = 8BB7AC2D2933345D0024C219 /* Project object */;
			proxyType = 1;
			remoteGlobalIDString = 8BB7AC342933345E0024C219;
			remoteInfo = instagram;
		};
		8BB7AC59293334650024C219 /* PBXContainerItemProxy */ = {
			isa = PBXContainerItemProxy;
			containerPortal = 8BB7AC2D2933345D0024C219 /* Project object */;
			proxyType = 1;
			remoteGlobalIDString = 8BB7AC342933345E0024C219;
			remoteInfo = instagram;
		};
/* End PBXContainerItemProxy section */

/* Begin PBXFileReference section */
		8686EC0225EE1BC0ABC6D2E0 /* Pods_instagram.framework */ = {isa = PBXFileReference; explicitFileType = wrapper.framework; includeInIndex = 0; path = Pods_instagram.framework; sourceTree = BUILT_PRODUCTS_DIR; };
		8B0AAAB829412A1600DA77AA /* FollowRecommendTableViewCell.swift */ = {isa = PBXFileReference; lastKnownFileType = sourcecode.swift; path = FollowRecommendTableViewCell.swift; sourceTree = "<group>"; };
		8B0AAAB929412A1600DA77AA /* FollowRecommendTableViewCell.xib */ = {isa = PBXFileReference; lastKnownFileType = file.xib; path = FollowRecommendTableViewCell.xib; sourceTree = "<group>"; };
		8B0AAABD29412C8100DA77AA /* RecommendResponse.swift */ = {isa = PBXFileReference; lastKnownFileType = sourcecode.swift; path = RecommendResponse.swift; sourceTree = "<group>"; };
		8B0AAABF29412C9600DA77AA /* RecommendDataManager.swift */ = {isa = PBXFileReference; lastKnownFileType = sourcecode.swift; path = RecommendDataManager.swift; sourceTree = "<group>"; };
		8B0AAAC1294189CB00DA77AA /* SearchBarCollectionViewCell.swift */ = {isa = PBXFileReference; lastKnownFileType = sourcecode.swift; path = SearchBarCollectionViewCell.swift; sourceTree = "<group>"; };
		8B0AAAC2294189CB00DA77AA /* SearchBarCollectionViewCell.xib */ = {isa = PBXFileReference; lastKnownFileType = file.xib; path = SearchBarCollectionViewCell.xib; sourceTree = "<group>"; };
		8B0AAAC52941904000DA77AA /* ShopDetailViewController.swift */ = {isa = PBXFileReference; lastKnownFileType = sourcecode.swift; path = ShopDetailViewController.swift; sourceTree = "<group>"; };
		8B0AAAC8294192F100DA77AA /* ShopDetailResponse.swift */ = {isa = PBXFileReference; lastKnownFileType = sourcecode.swift; path = ShopDetailResponse.swift; sourceTree = "<group>"; };
		8B0AAACA2941933300DA77AA /* ShopDetailDataManager.swift */ = {isa = PBXFileReference; lastKnownFileType = sourcecode.swift; path = ShopDetailDataManager.swift; sourceTree = "<group>"; };
		8B0AAACC2941E46100DA77AA /* LikesViewController.swift */ = {isa = PBXFileReference; lastKnownFileType = sourcecode.swift; path = LikesViewController.swift; sourceTree = "<group>"; };
		8B0AAAD22941E62800DA77AA /* FeedLikesResponse.swift */ = {isa = PBXFileReference; lastKnownFileType = sourcecode.swift; path = FeedLikesResponse.swift; sourceTree = "<group>"; };
		8B0AAAD42941E63E00DA77AA /* FeedLikesDataManager.swift */ = {isa = PBXFileReference; lastKnownFileType = sourcecode.swift; path = FeedLikesDataManager.swift; sourceTree = "<group>"; };
		8B0AAAD72941ECCA00DA77AA /* LikesTableViewCell.swift */ = {isa = PBXFileReference; lastKnownFileType = sourcecode.swift; path = LikesTableViewCell.swift; sourceTree = "<group>"; };
		8B0AAAD82941ECCA00DA77AA /* LikesTableViewCell.xib */ = {isa = PBXFileReference; lastKnownFileType = file.xib; path = LikesTableViewCell.xib; sourceTree = "<group>"; };
		8B0AAADB2941ECFE00DA77AA /* LikesTableViewCellTwo.swift */ = {isa = PBXFileReference; lastKnownFileType = sourcecode.swift; path = LikesTableViewCellTwo.swift; sourceTree = "<group>"; };
		8B0AAADC2941ECFE00DA77AA /* LikesTableViewCellTwo.xib */ = {isa = PBXFileReference; lastKnownFileType = file.xib; path = LikesTableViewCellTwo.xib; sourceTree = "<group>"; };
		8B0AAAE02942152A00DA77AA /* RegisterRequest.swift */ = {isa = PBXFileReference; lastKnownFileType = sourcecode.swift; path = RegisterRequest.swift; sourceTree = "<group>"; };
		8B0AAAE22942153F00DA77AA /* RegisterResponse.swift */ = {isa = PBXFileReference; lastKnownFileType = sourcecode.swift; path = RegisterResponse.swift; sourceTree = "<group>"; };
		8B0AAAE42942156400DA77AA /* RegisterDataManager.swift */ = {isa = PBXFileReference; lastKnownFileType = sourcecode.swift; path = RegisterDataManager.swift; sourceTree = "<group>"; };
		8B0AAAE62942417100DA77AA /* UploadResponse.swift */ = {isa = PBXFileReference; lastKnownFileType = sourcecode.swift; path = UploadResponse.swift; sourceTree = "<group>"; };
		8B0AAAE82942419700DA77AA /* UploadRequest.swift */ = {isa = PBXFileReference; lastKnownFileType = sourcecode.swift; path = UploadRequest.swift; sourceTree = "<group>"; };
		8B0AAAEA294241B500DA77AA /* UploadDataManager.swift */ = {isa = PBXFileReference; lastKnownFileType = sourcecode.swift; path = UploadDataManager.swift; sourceTree = "<group>"; };
		8B0AAAED2942423F00DA77AA /* AlarmResponse.swift */ = {isa = PBXFileReference; lastKnownFileType = sourcecode.swift; path = AlarmResponse.swift; sourceTree = "<group>"; };
		8B0AAAEF2942425200DA77AA /* AlarmDataManager.swift */ = {isa = PBXFileReference; lastKnownFileType = sourcecode.swift; path = AlarmDataManager.swift; sourceTree = "<group>"; };
		8B0BB79C2940A9810034393B /* FollowingResponse.swift */ = {isa = PBXFileReference; lastKnownFileType = sourcecode.swift; path = FollowingResponse.swift; sourceTree = "<group>"; };
		8B0BB79E2940A9940034393B /* FollowerResponse.swift */ = {isa = PBXFileReference; lastKnownFileType = sourcecode.swift; path = FollowerResponse.swift; sourceTree = "<group>"; };
		8B0BB7A02940A9A60034393B /* FollowingDataManager.swift */ = {isa = PBXFileReference; lastKnownFileType = sourcecode.swift; path = FollowingDataManager.swift; sourceTree = "<group>"; };
		8B0BB7A22940C3F30034393B /* ReelsCollectionViewCell.swift */ = {isa = PBXFileReference; lastKnownFileType = sourcecode.swift; path = ReelsCollectionViewCell.swift; sourceTree = "<group>"; };
		8B0BB7A32940C3F30034393B /* ReelsCollectionViewCell.xib */ = {isa = PBXFileReference; lastKnownFileType = file.xib; path = ReelsCollectionViewCell.xib; sourceTree = "<group>"; };
		8B0BB7A72940F2C00034393B /* FeedResponse.swift */ = {isa = PBXFileReference; lastKnownFileType = sourcecode.swift; path = FeedResponse.swift; sourceTree = "<group>"; };
		8B0BB7A92940F2D30034393B /* FeedDataManager.swift */ = {isa = PBXFileReference; lastKnownFileType = sourcecode.swift; path = FeedDataManager.swift; sourceTree = "<group>"; };
		8B0BB7AC294107EA0034393B /* FeedCommentResponse.swift */ = {isa = PBXFileReference; lastKnownFileType = sourcecode.swift; path = FeedCommentResponse.swift; sourceTree = "<group>"; };
		8B0BB7AE294108070034393B /* FeedCommentDataManager.swift */ = {isa = PBXFileReference; lastKnownFileType = sourcecode.swift; path = FeedCommentDataManager.swift; sourceTree = "<group>"; };
		8B0BB7B02941146E0034393B /* CommentTableViewCell.swift */ = {isa = PBXFileReference; lastKnownFileType = sourcecode.swift; path = CommentTableViewCell.swift; sourceTree = "<group>"; };
		8B0BB7B12941146E0034393B /* CommentTableViewCell.xib */ = {isa = PBXFileReference; lastKnownFileType = file.xib; path = CommentTableViewCell.xib; sourceTree = "<group>"; };
		8B0BB7B8294122420034393B /* FollowRecommendViewController.swift */ = {isa = PBXFileReference; lastKnownFileType = sourcecode.swift; path = FollowRecommendViewController.swift; sourceTree = "<group>"; };
		8B4A801D2933C58500BB985E /* LoginVC.swift */ = {isa = PBXFileReference; lastKnownFileType = sourcecode.swift; path = LoginVC.swift; sourceTree = "<group>"; };
		8B4A801F2933C66800BB985E /* RegisterVC.swift */ = {isa = PBXFileReference; lastKnownFileType = sourcecode.swift; path = RegisterVC.swift; sourceTree = "<group>"; };
		8B9F0C31293DD223003E2DD5 /* RegisterLastVC.swift */ = {isa = PBXFileReference; lastKnownFileType = sourcecode.swift; path = RegisterLastVC.swift; sourceTree = "<group>"; };
		8B9F0C33293E0E3A003E2DD5 /* SignupResponse.swift */ = {isa = PBXFileReference; lastKnownFileType = sourcecode.swift; path = SignupResponse.swift; sourceTree = "<group>"; };
		8B9F0C35293E15F0003E2DD5 /* SignInRequest.swift */ = {isa = PBXFileReference; lastKnownFileType = sourcecode.swift; path = SignInRequest.swift; sourceTree = "<group>"; };
		8B9F0C37293E1603003E2DD5 /* SignInResponse.swift */ = {isa = PBXFileReference; lastKnownFileType = sourcecode.swift; path = SignInResponse.swift; sourceTree = "<group>"; };
		8B9F0C39293E1619003E2DD5 /* SignInDataManager.swift */ = {isa = PBXFileReference; lastKnownFileType = sourcecode.swift; path = SignInDataManager.swift; sourceTree = "<group>"; };
		8B9F0C3B293E2A03003E2DD5 /* Constant.swift */ = {isa = PBXFileReference; lastKnownFileType = sourcecode.swift; path = Constant.swift; sourceTree = "<group>"; };
		8B9F0C42293EE743003E2DD5 /* ShopResponse.swift */ = {isa = PBXFileReference; lastKnownFileType = sourcecode.swift; path = ShopResponse.swift; sourceTree = "<group>"; };
		8B9F0C46293EE769003E2DD5 /* ShopDataManager.swift */ = {isa = PBXFileReference; lastKnownFileType = sourcecode.swift; path = ShopDataManager.swift; sourceTree = "<group>"; };
		8B9F0C48293F6A62003E2DD5 /* VideoPlayerView.swift */ = {isa = PBXFileReference; lastKnownFileType = sourcecode.swift; path = VideoPlayerView.swift; sourceTree = "<group>"; };
		8B9F0C4B293F7440003E2DD5 /* ReelsResponse.swift */ = {isa = PBXFileReference; lastKnownFileType = sourcecode.swift; path = ReelsResponse.swift; sourceTree = "<group>"; };
		8B9F0C4D293F745A003E2DD5 /* ReelsDataManager.swift */ = {isa = PBXFileReference; lastKnownFileType = sourcecode.swift; path = ReelsDataManager.swift; sourceTree = "<group>"; };
		8B9F0C52294021DE003E2DD5 /* SearchResponse.swift */ = {isa = PBXFileReference; lastKnownFileType = sourcecode.swift; path = SearchResponse.swift; sourceTree = "<group>"; };
		8B9F0C54294021F3003E2DD5 /* SearchDataManager.swift */ = {isa = PBXFileReference; lastKnownFileType = sourcecode.swift; path = SearchDataManager.swift; sourceTree = "<group>"; };
		8B9F0C572940291E003E2DD5 /* MyFeedResponse.swift */ = {isa = PBXFileReference; lastKnownFileType = sourcecode.swift; path = MyFeedResponse.swift; sourceTree = "<group>"; };
		8B9F0C5929402930003E2DD5 /* MyFeedDataManager.swift */ = {isa = PBXFileReference; lastKnownFileType = sourcecode.swift; path = MyFeedDataManager.swift; sourceTree = "<group>"; };
		8B9F0C5C29402C26003E2DD5 /* UserInfoResponse.swift */ = {isa = PBXFileReference; lastKnownFileType = sourcecode.swift; path = UserInfoResponse.swift; sourceTree = "<group>"; };
		8B9F0C5E29402C39003E2DD5 /* UserInfoDataManager.swift */ = {isa = PBXFileReference; lastKnownFileType = sourcecode.swift; path = UserInfoDataManager.swift; sourceTree = "<group>"; };
		8B9F0C6229408734003E2DD5 /* DetailViewController.swift */ = {isa = PBXFileReference; lastKnownFileType = sourcecode.swift; path = DetailViewController.swift; sourceTree = "<group>"; };
		8B9F0C6629409FEB003E2DD5 /* MyFeedDetailViewController.swift */ = {isa = PBXFileReference; lastKnownFileType = sourcecode.swift; path = MyFeedDetailViewController.swift; sourceTree = "<group>"; };
		8BB6A8942937712B008E34C3 /* DMViewController.swift */ = {isa = PBXFileReference; lastKnownFileType = sourcecode.swift; path = DMViewController.swift; sourceTree = "<group>"; };
		8BB6A896293771DB008E34C3 /* DMTableViewCellOne.swift */ = {isa = PBXFileReference; lastKnownFileType = sourcecode.swift; path = DMTableViewCellOne.swift; sourceTree = "<group>"; };
		8BB6A897293771DB008E34C3 /* DMTableViewCellOne.xib */ = {isa = PBXFileReference; lastKnownFileType = file.xib; path = DMTableViewCellOne.xib; sourceTree = "<group>"; };
		8BB6A89A29377348008E34C3 /* DMTableViewCellTwo.swift */ = {isa = PBXFileReference; lastKnownFileType = sourcecode.swift; path = DMTableViewCellTwo.swift; sourceTree = "<group>"; };
		8BB6A89B29377348008E34C3 /* DMTableViewCellTwo.xib */ = {isa = PBXFileReference; lastKnownFileType = file.xib; path = DMTableViewCellTwo.xib; sourceTree = "<group>"; };
		8BB7AC352933345E0024C219 /* instagram.app */ = {isa = PBXFileReference; explicitFileType = wrapper.application; includeInIndex = 0; path = instagram.app; sourceTree = BUILT_PRODUCTS_DIR; };
		8BB7AC382933345E0024C219 /* AppDelegate.swift */ = {isa = PBXFileReference; lastKnownFileType = sourcecode.swift; path = AppDelegate.swift; sourceTree = "<group>"; };
		8BB7AC3A2933345E0024C219 /* SceneDelegate.swift */ = {isa = PBXFileReference; lastKnownFileType = sourcecode.swift; path = SceneDelegate.swift; sourceTree = "<group>"; };
		8BB7AC3C2933345E0024C219 /* ViewController.swift */ = {isa = PBXFileReference; lastKnownFileType = sourcecode.swift; path = ViewController.swift; sourceTree = "<group>"; };
		8BB7AC3F2933345E0024C219 /* Base */ = {isa = PBXFileReference; lastKnownFileType = file.storyboard; name = Base; path = Base.lproj/Main.storyboard; sourceTree = "<group>"; };
		8BB7AC422933345E0024C219 /* instagram.xcdatamodel */ = {isa = PBXFileReference; lastKnownFileType = wrapper.xcdatamodel; path = instagram.xcdatamodel; sourceTree = "<group>"; };
		8BB7AC44293334650024C219 /* Assets.xcassets */ = {isa = PBXFileReference; lastKnownFileType = folder.assetcatalog; path = Assets.xcassets; sourceTree = "<group>"; };
		8BB7AC47293334650024C219 /* Base */ = {isa = PBXFileReference; lastKnownFileType = file.storyboard; name = Base; path = Base.lproj/LaunchScreen.storyboard; sourceTree = "<group>"; };
		8BB7AC49293334650024C219 /* Info.plist */ = {isa = PBXFileReference; lastKnownFileType = text.plist.xml; path = Info.plist; sourceTree = "<group>"; };
		8BB7AC4E293334650024C219 /* instagramTests.xctest */ = {isa = PBXFileReference; explicitFileType = wrapper.cfbundle; includeInIndex = 0; path = instagramTests.xctest; sourceTree = BUILT_PRODUCTS_DIR; };
		8BB7AC52293334650024C219 /* instagramTests.swift */ = {isa = PBXFileReference; lastKnownFileType = sourcecode.swift; path = instagramTests.swift; sourceTree = "<group>"; };
		8BB7AC58293334650024C219 /* instagramUITests.xctest */ = {isa = PBXFileReference; explicitFileType = wrapper.cfbundle; includeInIndex = 0; path = instagramUITests.xctest; sourceTree = BUILT_PRODUCTS_DIR; };
		8BB7AC5C293334650024C219 /* instagramUITests.swift */ = {isa = PBXFileReference; lastKnownFileType = sourcecode.swift; path = instagramUITests.swift; sourceTree = "<group>"; };
		8BB7AC5E293334650024C219 /* instagramUITestsLaunchTests.swift */ = {isa = PBXFileReference; lastKnownFileType = sourcecode.swift; path = instagramUITestsLaunchTests.swift; sourceTree = "<group>"; };
		8BBD4D5B2936F80700044BF5 /* ShopViewController.swift */ = {isa = PBXFileReference; lastKnownFileType = sourcecode.swift; path = ShopViewController.swift; sourceTree = "<group>"; };
		8BBD4D5D2936F90300044BF5 /* ShopCollectionViewCellOne.swift */ = {isa = PBXFileReference; lastKnownFileType = sourcecode.swift; path = ShopCollectionViewCellOne.swift; sourceTree = "<group>"; };
		8BBD4D5E2936F90300044BF5 /* ShopCollectionViewCellOne.xib */ = {isa = PBXFileReference; lastKnownFileType = file.xib; path = ShopCollectionViewCellOne.xib; sourceTree = "<group>"; };
		8BBD4D612936F91B00044BF5 /* ShopCollectionViewCellTwo.swift */ = {isa = PBXFileReference; lastKnownFileType = sourcecode.swift; path = ShopCollectionViewCellTwo.swift; sourceTree = "<group>"; };
		8BBD4D622936F91B00044BF5 /* ShopCollectionViewCellTwo.xib */ = {isa = PBXFileReference; lastKnownFileType = file.xib; path = ShopCollectionViewCellTwo.xib; sourceTree = "<group>"; };
		8BDEEE752937572600DDAC63 /* CommentViewController.swift */ = {isa = PBXFileReference; lastKnownFileType = sourcecode.swift; path = CommentViewController.swift; sourceTree = "<group>"; };
		8BE9C484293448A1007CC965 /* HomeViewController.swift */ = {isa = PBXFileReference; lastKnownFileType = sourcecode.swift; path = HomeViewController.swift; sourceTree = "<group>"; };
		8BE9C48629344ACC007CC965 /* FeedTableViewCell.swift */ = {isa = PBXFileReference; lastKnownFileType = sourcecode.swift; path = FeedTableViewCell.swift; sourceTree = "<group>"; };
		8BE9C48729344ACC007CC965 /* FeedTableViewCell.xib */ = {isa = PBXFileReference; lastKnownFileType = file.xib; path = FeedTableViewCell.xib; sourceTree = "<group>"; };
		8BE9C48B29347F8A007CC965 /* StoryTableViewCell.swift */ = {isa = PBXFileReference; lastKnownFileType = sourcecode.swift; path = StoryTableViewCell.swift; sourceTree = "<group>"; };
		8BE9C48C29347F8A007CC965 /* StoryTableViewCell.xib */ = {isa = PBXFileReference; lastKnownFileType = file.xib; path = StoryTableViewCell.xib; sourceTree = "<group>"; };
		8BE9C48F2934857C007CC965 /* StoryCollectionViewCell.swift */ = {isa = PBXFileReference; lastKnownFileType = sourcecode.swift; path = StoryCollectionViewCell.swift; sourceTree = "<group>"; };
		8BE9C4902934857C007CC965 /* StoryCollectionViewCell.xib */ = {isa = PBXFileReference; lastKnownFileType = file.xib; path = StoryCollectionViewCell.xib; sourceTree = "<group>"; };
		8BE9C4932934B69D007CC965 /* ProfileViewController.swift */ = {isa = PBXFileReference; lastKnownFileType = sourcecode.swift; path = ProfileViewController.swift; sourceTree = "<group>"; };
		8BE9C4962934BAF3007CC965 /* ProfileCollectionViewCell.swift */ = {isa = PBXFileReference; lastKnownFileType = sourcecode.swift; path = ProfileCollectionViewCell.swift; sourceTree = "<group>"; };
		8BE9C4972934BAF3007CC965 /* ProfileCollectionViewCell.xib */ = {isa = PBXFileReference; lastKnownFileType = file.xib; path = ProfileCollectionViewCell.xib; sourceTree = "<group>"; };
		8BE9C49A2934D87B007CC965 /* ProfileCollectionViewCellTwo.swift */ = {isa = PBXFileReference; lastKnownFileType = sourcecode.swift; path = ProfileCollectionViewCellTwo.swift; sourceTree = "<group>"; };
		8BE9C49B2934D87B007CC965 /* ProfileCollectionViewCellTwo.xib */ = {isa = PBXFileReference; lastKnownFileType = file.xib; path = ProfileCollectionViewCellTwo.xib; sourceTree = "<group>"; };
		8BE9C49E2934D99A007CC965 /* ProfileCollectionViewCellThree.swift */ = {isa = PBXFileReference; lastKnownFileType = sourcecode.swift; path = ProfileCollectionViewCellThree.swift; sourceTree = "<group>"; };
		8BE9C49F2934D99A007CC965 /* ProfileCollectionViewCellThree.xib */ = {isa = PBXFileReference; lastKnownFileType = file.xib; path = ProfileCollectionViewCellThree.xib; sourceTree = "<group>"; };
		8BE9C4A229350D05007CC965 /* SearchViewController.swift */ = {isa = PBXFileReference; lastKnownFileType = sourcecode.swift; path = SearchViewController.swift; sourceTree = "<group>"; };
		8BE9C4A5293510DE007CC965 /* FeedCollectionViewCell.swift */ = {isa = PBXFileReference; lastKnownFileType = sourcecode.swift; path = FeedCollectionViewCell.swift; sourceTree = "<group>"; };
		8BE9C4A6293510DE007CC965 /* FeedCollectionViewCell.xib */ = {isa = PBXFileReference; lastKnownFileType = file.xib; path = FeedCollectionViewCell.xib; sourceTree = "<group>"; };
		8BE9C4AA29351B23007CC965 /* ReelsViewController.swift */ = {isa = PBXFileReference; lastKnownFileType = sourcecode.swift; path = ReelsViewController.swift; sourceTree = "<group>"; };
		8BE9C4B02935DE68007CC965 /* EveryData.swift */ = {isa = PBXFileReference; lastKnownFileType = sourcecode.swift; path = EveryData.swift; sourceTree = "<group>"; };
		8BE9C4B22935E00B007CC965 /* UploadViewController.swift */ = {isa = PBXFileReference; lastKnownFileType = sourcecode.swift; path = UploadViewController.swift; sourceTree = "<group>"; };
		8BE9C4B42935FCC3007CC965 /* NotifyViewController.swift */ = {isa = PBXFileReference; lastKnownFileType = sourcecode.swift; path = NotifyViewController.swift; sourceTree = "<group>"; };
		8BE9C4B6293600DF007CC965 /* NotifyTableViewCell.swift */ = {isa = PBXFileReference; lastKnownFileType = sourcecode.swift; path = NotifyTableViewCell.swift; sourceTree = "<group>"; };
		8BE9C4B7293600E0007CC965 /* NotifyTableViewCell.xib */ = {isa = PBXFileReference; lastKnownFileType = file.xib; path = NotifyTableViewCell.xib; sourceTree = "<group>"; };
		8BE9C4BA2936F069007CC965 /* RegisterPhoneViewController.swift */ = {isa = PBXFileReference; lastKnownFileType = sourcecode.swift; path = RegisterPhoneViewController.swift; sourceTree = "<group>"; };
		8EF5AAF4B13E9199F28207B4 /* Pods-instagram.debug.xcconfig */ = {isa = PBXFileReference; includeInIndex = 1; lastKnownFileType = text.xcconfig; name = "Pods-instagram.debug.xcconfig"; path = "Target Support Files/Pods-instagram/Pods-instagram.debug.xcconfig"; sourceTree = "<group>"; };
		B068A617387EA60914AEEB26 /* Pods-instagram.release.xcconfig */ = {isa = PBXFileReference; includeInIndex = 1; lastKnownFileType = text.xcconfig; name = "Pods-instagram.release.xcconfig"; path = "Target Support Files/Pods-instagram/Pods-instagram.release.xcconfig"; sourceTree = "<group>"; };
/* End PBXFileReference section */

/* Begin PBXFrameworksBuildPhase section */
		8BB7AC322933345E0024C219 /* Frameworks */ = {
			isa = PBXFrameworksBuildPhase;
			buildActionMask = 2147483647;
			files = (
				47BD7F3EE5313A21A8BFC51D /* Pods_instagram.framework in Frameworks */,
			);
			runOnlyForDeploymentPostprocessing = 0;
		};
		8BB7AC4B293334650024C219 /* Frameworks */ = {
			isa = PBXFrameworksBuildPhase;
			buildActionMask = 2147483647;
			files = (
			);
			runOnlyForDeploymentPostprocessing = 0;
		};
		8BB7AC55293334650024C219 /* Frameworks */ = {
			isa = PBXFrameworksBuildPhase;
			buildActionMask = 2147483647;
			files = (
			);
			runOnlyForDeploymentPostprocessing = 0;
		};
/* End PBXFrameworksBuildPhase section */

/* Begin PBXGroup section */
		69BF64E969F33FA068D8425E /* Frameworks */ = {
			isa = PBXGroup;
			children = (
				8686EC0225EE1BC0ABC6D2E0 /* Pods_instagram.framework */,
			);
			name = Frameworks;
			sourceTree = "<group>";
		};
		7A0FF08DA6FC179BF1774EF6 /* Pods */ = {
			isa = PBXGroup;
			children = (
				8EF5AAF4B13E9199F28207B4 /* Pods-instagram.debug.xcconfig */,
				B068A617387EA60914AEEB26 /* Pods-instagram.release.xcconfig */,
			);
			path = Pods;
			sourceTree = "<group>";
		};
		8B0AAABC29412C5B00DA77AA /* Recommend(GET) */ = {
			isa = PBXGroup;
			children = (
				8B0AAABD29412C8100DA77AA /* RecommendResponse.swift */,
				8B0AAABF29412C9600DA77AA /* RecommendDataManager.swift */,
			);
			path = "Recommend(GET)";
			sourceTree = "<group>";
		};
		8B0AAAC7294192DA00DA77AA /* ShopDetail(GET) */ = {
			isa = PBXGroup;
			children = (
				8B0AAAC8294192F100DA77AA /* ShopDetailResponse.swift */,
				8B0AAACA2941933300DA77AA /* ShopDetailDataManager.swift */,
			);
			path = "ShopDetail(GET)";
			sourceTree = "<group>";
		};
		8B0AAACE2941E47B00DA77AA /* CommentTableViewCell */ = {
			isa = PBXGroup;
			children = (
				8B0BB7B02941146E0034393B /* CommentTableViewCell.swift */,
				8B0BB7B12941146E0034393B /* CommentTableViewCell.xib */,
			);
			path = CommentTableViewCell;
			sourceTree = "<group>";
		};
		8B0AAACF2941E49F00DA77AA /* NotifyTableViewCell */ = {
			isa = PBXGroup;
			children = (
				8BE9C4B6293600DF007CC965 /* NotifyTableViewCell.swift */,
				8BE9C4B7293600E0007CC965 /* NotifyTableViewCell.xib */,
			);
			path = NotifyTableViewCell;
			sourceTree = "<group>";
		};
		8B0AAAD02941E4AF00DA77AA /* DMTableViewCell */ = {
			isa = PBXGroup;
			children = (
				8BB6A896293771DB008E34C3 /* DMTableViewCellOne.swift */,
				8BB6A897293771DB008E34C3 /* DMTableViewCellOne.xib */,
				8BB6A89A29377348008E34C3 /* DMTableViewCellTwo.swift */,
				8BB6A89B29377348008E34C3 /* DMTableViewCellTwo.xib */,
			);
			path = DMTableViewCell;
			sourceTree = "<group>";
		};
		8B0AAAD12941E5E100DA77AA /* FeedLikes(GET) */ = {
			isa = PBXGroup;
			children = (
				8B0AAAD22941E62800DA77AA /* FeedLikesResponse.swift */,
				8B0AAAD42941E63E00DA77AA /* FeedLikesDataManager.swift */,
			);
			path = "FeedLikes(GET)";
			sourceTree = "<group>";
		};
		8B0AAAD62941EC9000DA77AA /* LikesTableViewCell */ = {
			isa = PBXGroup;
			children = (
				8B0AAAD72941ECCA00DA77AA /* LikesTableViewCell.swift */,
				8B0AAAD82941ECCA00DA77AA /* LikesTableViewCell.xib */,
				8B0AAADB2941ECFE00DA77AA /* LikesTableViewCellTwo.swift */,
				8B0AAADC2941ECFE00DA77AA /* LikesTableViewCellTwo.xib */,
			);
			path = LikesTableViewCell;
			sourceTree = "<group>";
		};
		8B0AAADF294214F800DA77AA /* Register(POST) */ = {
			isa = PBXGroup;
			children = (
				8B0AAAE22942153F00DA77AA /* RegisterResponse.swift */,
				8B0AAAE02942152A00DA77AA /* RegisterRequest.swift */,
				8B0AAAE42942156400DA77AA /* RegisterDataManager.swift */,
			);
			path = "Register(POST)";
			sourceTree = "<group>";
		};
		8B0AAAEC2942422200DA77AA /* Alarm(GET) */ = {
			isa = PBXGroup;
			children = (
				8B0AAAED2942423F00DA77AA /* AlarmResponse.swift */,
				8B0AAAEF2942425200DA77AA /* AlarmDataManager.swift */,
			);
			path = "Alarm(GET)";
			sourceTree = "<group>";
		};
		8B0BB79B2940A9640034393B /* Following&Follower(GET) */ = {
			isa = PBXGroup;
			children = (
				8B0BB79C2940A9810034393B /* FollowingResponse.swift */,
				8B0BB79E2940A9940034393B /* FollowerResponse.swift */,
				8B0BB7A02940A9A60034393B /* FollowingDataManager.swift */,
			);
			path = "Following&Follower(GET)";
			sourceTree = "<group>";
		};
		8B0BB7A62940F29F0034393B /* Feed(GET) */ = {
			isa = PBXGroup;
			children = (
				8B0BB7A72940F2C00034393B /* FeedResponse.swift */,
				8B0BB7A92940F2D30034393B /* FeedDataManager.swift */,
			);
			path = "Feed(GET)";
			sourceTree = "<group>";
		};
		8B0BB7AB294107CC0034393B /* FeedComment(GET) */ = {
			isa = PBXGroup;
			children = (
				8B0BB7AC294107EA0034393B /* FeedCommentResponse.swift */,
				8B0BB7AE294108070034393B /* FeedCommentDataManager.swift */,
			);
			path = "FeedComment(GET)";
			sourceTree = "<group>";
		};
		8B0BB7BA2941264C0034393B /* FollowRecommend */ = {
			isa = PBXGroup;
			children = (
				8B0AAABC29412C5B00DA77AA /* Recommend(GET) */,
				8B0BB7B8294122420034393B /* FollowRecommendViewController.swift */,
				8B0AAAB829412A1600DA77AA /* FollowRecommendTableViewCell.swift */,
				8B0AAAB929412A1600DA77AA /* FollowRecommendTableViewCell.xib */,
			);
			path = FollowRecommend;
			sourceTree = "<group>";
		};
		8B9F0C40293EE047003E2DD5 /* SignIn(POST) */ = {
			isa = PBXGroup;
			children = (
				8B9F0C37293E1603003E2DD5 /* SignInResponse.swift */,
				8B9F0C35293E15F0003E2DD5 /* SignInRequest.swift */,
				8B9F0C39293E1619003E2DD5 /* SignInDataManager.swift */,
			);
			path = "SignIn(POST)";
			sourceTree = "<group>";
		};
		8B9F0C41293EE717003E2DD5 /* Shop(GET) */ = {
			isa = PBXGroup;
			children = (
				8B9F0C42293EE743003E2DD5 /* ShopResponse.swift */,
				8B9F0C46293EE769003E2DD5 /* ShopDataManager.swift */,
			);
			path = "Shop(GET)";
			sourceTree = "<group>";
		};
		8B9F0C4A293F7428003E2DD5 /* Reels(GET) */ = {
			isa = PBXGroup;
			children = (
				8B9F0C4B293F7440003E2DD5 /* ReelsResponse.swift */,
				8B9F0C4D293F745A003E2DD5 /* ReelsDataManager.swift */,
			);
			path = "Reels(GET)";
			sourceTree = "<group>";
		};
		8B9F0C51294021BC003E2DD5 /* SearchList(GET) */ = {
			isa = PBXGroup;
			children = (
				8B9F0C52294021DE003E2DD5 /* SearchResponse.swift */,
				8B9F0C54294021F3003E2DD5 /* SearchDataManager.swift */,
			);
			path = "SearchList(GET)";
			sourceTree = "<group>";
		};
		8B9F0C56294028FD003E2DD5 /* MyFeed(GET) */ = {
			isa = PBXGroup;
			children = (
				8B9F0C572940291E003E2DD5 /* MyFeedResponse.swift */,
				8B9F0C5929402930003E2DD5 /* MyFeedDataManager.swift */,
			);
			path = "MyFeed(GET)";
			sourceTree = "<group>";
		};
		8B9F0C5B29402BAA003E2DD5 /* UserInfo(GET) */ = {
			isa = PBXGroup;
			children = (
				8B9F0C5C29402C26003E2DD5 /* UserInfoResponse.swift */,
				8B9F0C5E29402C39003E2DD5 /* UserInfoDataManager.swift */,
			);
			path = "UserInfo(GET)";
			sourceTree = "<group>";
		};
		8BB7AC2C2933345D0024C219 = {
			isa = PBXGroup;
			children = (
				8BB7AC372933345E0024C219 /* instagram */,
				8BB7AC51293334650024C219 /* instagramTests */,
				8BB7AC5B293334650024C219 /* instagramUITests */,
				8BB7AC362933345E0024C219 /* Products */,
				7A0FF08DA6FC179BF1774EF6 /* Pods */,
				69BF64E969F33FA068D8425E /* Frameworks */,
			);
			sourceTree = "<group>";
		};
		8BB7AC362933345E0024C219 /* Products */ = {
			isa = PBXGroup;
			children = (
				8BB7AC352933345E0024C219 /* instagram.app */,
				8BB7AC4E293334650024C219 /* instagramTests.xctest */,
				8BB7AC58293334650024C219 /* instagramUITests.xctest */,
			);
			name = Products;
			sourceTree = "<group>";
		};
		8BB7AC372933345E0024C219 /* instagram */ = {
			isa = PBXGroup;
			children = (
				8B9F0C3B293E2A03003E2DD5 /* Constant.swift */,
				8BE9C4B02935DE68007CC965 /* EveryData.swift */,
				8B9F0C33293E0E3A003E2DD5 /* SignupResponse.swift */,
				8BB7AC382933345E0024C219 /* AppDelegate.swift */,
				8BB7AC3A2933345E0024C219 /* SceneDelegate.swift */,
				8BB7AC3C2933345E0024C219 /* ViewController.swift */,
				8BB7AC3E2933345E0024C219 /* Main.storyboard */,
				8BE9C4BE2936F571007CC965 /* LoginRegister */,
				8BE9C4BF2936F5BF007CC965 /* HomeVC */,
				8BBD4D572936F65900044BF5 /* SearchVC */,
				8BBD4D582936F66E00044BF5 /* ReelsVC */,
				8BBD4D5A2936F7EA00044BF5 /* ShopVC */,
				8BBD4D562936F64400044BF5 /* ProfileVC */,
				8BB7AC44293334650024C219 /* Assets.xcassets */,
				8BB7AC46293334650024C219 /* LaunchScreen.storyboard */,
				8BB7AC49293334650024C219 /* Info.plist */,
				8BB7AC412933345E0024C219 /* instagram.xcdatamodeld */,
			);
			path = instagram;
			sourceTree = "<group>";
		};
		8BB7AC51293334650024C219 /* instagramTests */ = {
			isa = PBXGroup;
			children = (
				8BB7AC52293334650024C219 /* instagramTests.swift */,
			);
			path = instagramTests;
			sourceTree = "<group>";
		};
		8BB7AC5B293334650024C219 /* instagramUITests */ = {
			isa = PBXGroup;
			children = (
				8BB7AC5C293334650024C219 /* instagramUITests.swift */,
				8BB7AC5E293334650024C219 /* instagramUITestsLaunchTests.swift */,
			);
			path = instagramUITests;
			sourceTree = "<group>";
		};
		8BBD4D562936F64400044BF5 /* ProfileVC */ = {
			isa = PBXGroup;
			children = (
				8BE9C4932934B69D007CC965 /* ProfileViewController.swift */,
				8B0BB7BA2941264C0034393B /* FollowRecommend */,
				8BE9C4952934BACF007CC965 /* ProfileVCCell */,
				8B0BB79B2940A9640034393B /* Following&Follower(GET) */,
				8B9F0C5B29402BAA003E2DD5 /* UserInfo(GET) */,
				8B9F0C6629409FEB003E2DD5 /* MyFeedDetailViewController.swift */,
				8B9F0C56294028FD003E2DD5 /* MyFeed(GET) */,
			);
			path = ProfileVC;
			sourceTree = "<group>";
		};
		8BBD4D572936F65900044BF5 /* SearchVC */ = {
			isa = PBXGroup;
			children = (
				8BE9C4A229350D05007CC965 /* SearchViewController.swift */,
				8B9F0C51294021BC003E2DD5 /* SearchList(GET) */,
				8BE9C4A4293510C0007CC965 /* SearchVCCell */,
				8B9F0C6229408734003E2DD5 /* DetailViewController.swift */,
			);
			path = SearchVC;
			sourceTree = "<group>";
		};
		8BBD4D582936F66E00044BF5 /* ReelsVC */ = {
			isa = PBXGroup;
			children = (
				8BE9C4AA29351B23007CC965 /* ReelsViewController.swift */,
				8B9F0C4A293F7428003E2DD5 /* Reels(GET) */,
				8BE9C4A929351AEB007CC965 /* ReelsVCCell */,
				8B9F0C48293F6A62003E2DD5 /* VideoPlayerView.swift */,
			);
			path = ReelsVC;
			sourceTree = "<group>";
		};
		8BBD4D5A2936F7EA00044BF5 /* ShopVC */ = {
			isa = PBXGroup;
			children = (
				8B0AAAC7294192DA00DA77AA /* ShopDetail(GET) */,
				8BBD4D5B2936F80700044BF5 /* ShopViewController.swift */,
				8B0AAAC52941904000DA77AA /* ShopDetailViewController.swift */,
				8B9F0C41293EE717003E2DD5 /* Shop(GET) */,
				8BBD4D5D2936F90300044BF5 /* ShopCollectionViewCellOne.swift */,
				8BBD4D5E2936F90300044BF5 /* ShopCollectionViewCellOne.xib */,
				8BBD4D612936F91B00044BF5 /* ShopCollectionViewCellTwo.swift */,
				8BBD4D622936F91B00044BF5 /* ShopCollectionViewCellTwo.xib */,
			);
			path = ShopVC;
			sourceTree = "<group>";
		};
		8BE9C48A29347F5E007CC965 /* HomeVCCell */ = {
			isa = PBXGroup;
			children = (
				8BE9C48729344ACC007CC965 /* FeedTableViewCell.xib */,
				8BE9C48629344ACC007CC965 /* FeedTableViewCell.swift */,
				8BE9C48B29347F8A007CC965 /* StoryTableViewCell.swift */,
				8BE9C48C29347F8A007CC965 /* StoryTableViewCell.xib */,
				8BE9C48F2934857C007CC965 /* StoryCollectionViewCell.swift */,
				8BE9C4902934857C007CC965 /* StoryCollectionViewCell.xib */,
			);
			path = HomeVCCell;
			sourceTree = "<group>";
		};
		8BE9C4952934BACF007CC965 /* ProfileVCCell */ = {
			isa = PBXGroup;
			children = (
				8BE9C4962934BAF3007CC965 /* ProfileCollectionViewCell.swift */,
				8BE9C4972934BAF3007CC965 /* ProfileCollectionViewCell.xib */,
				8BE9C49A2934D87B007CC965 /* ProfileCollectionViewCellTwo.swift */,
				8BE9C49B2934D87B007CC965 /* ProfileCollectionViewCellTwo.xib */,
				8BE9C49E2934D99A007CC965 /* ProfileCollectionViewCellThree.swift */,
				8BE9C49F2934D99A007CC965 /* ProfileCollectionViewCellThree.xib */,
			);
			path = ProfileVCCell;
			sourceTree = "<group>";
		};
		8BE9C4A4293510C0007CC965 /* SearchVCCell */ = {
			isa = PBXGroup;
			children = (
				8BE9C4A5293510DE007CC965 /* FeedCollectionViewCell.swift */,
				8BE9C4A6293510DE007CC965 /* FeedCollectionViewCell.xib */,
				8B0AAAC1294189CB00DA77AA /* SearchBarCollectionViewCell.swift */,
				8B0AAAC2294189CB00DA77AA /* SearchBarCollectionViewCell.xib */,
			);
			path = SearchVCCell;
			sourceTree = "<group>";
		};
		8BE9C4A929351AEB007CC965 /* ReelsVCCell */ = {
			isa = PBXGroup;
			children = (
				8B0BB7A22940C3F30034393B /* ReelsCollectionViewCell.swift */,
				8B0BB7A32940C3F30034393B /* ReelsCollectionViewCell.xib */,
			);
			path = ReelsVCCell;
			sourceTree = "<group>";
		};
		8BE9C4BE2936F571007CC965 /* LoginRegister */ = {
			isa = PBXGroup;
			children = (
				8B4A801D2933C58500BB985E /* LoginVC.swift */,
				8B4A801F2933C66800BB985E /* RegisterVC.swift */,
				8BE9C4BA2936F069007CC965 /* RegisterPhoneViewController.swift */,
				8B9F0C31293DD223003E2DD5 /* RegisterLastVC.swift */,
				8B0AAADF294214F800DA77AA /* Register(POST) */,
				8B9F0C40293EE047003E2DD5 /* SignIn(POST) */,
			);
			path = LoginRegister;
			sourceTree = "<group>";
		};
		8BE9C4BF2936F5BF007CC965 /* HomeVC */ = {
			isa = PBXGroup;
			children = (
				8BE9C484293448A1007CC965 /* HomeViewController.swift */,
				8BDEEE752937572600DDAC63 /* CommentViewController.swift */,
				8B0AAACC2941E46100DA77AA /* LikesViewController.swift */,
				8BE9C4B42935FCC3007CC965 /* NotifyViewController.swift */,
				8BB6A8942937712B008E34C3 /* DMViewController.swift */,
				8BE9C4B22935E00B007CC965 /* UploadViewController.swift */,
				8BE9C48A29347F5E007CC965 /* HomeVCCell */,
				8B0AAACE2941E47B00DA77AA /* CommentTableViewCell */,
				8B0AAAD62941EC9000DA77AA /* LikesTableViewCell */,
				8B0AAAD02941E4AF00DA77AA /* DMTableViewCell */,
				8B0AAACF2941E49F00DA77AA /* NotifyTableViewCell */,
				8B0BB7AB294107CC0034393B /* FeedComment(GET) */,
				8B0BB7A62940F29F0034393B /* Feed(GET) */,
				8B0AAAD12941E5E100DA77AA /* FeedLikes(GET) */,
				8B0AAAEC2942422200DA77AA /* Alarm(GET) */,
				8B0AAAE62942417100DA77AA /* UploadResponse.swift */,
				8B0AAAEA294241B500DA77AA /* UploadDataManager.swift */,
				8B0AAAE82942419700DA77AA /* UploadRequest.swift */,
			);
			path = HomeVC;
			sourceTree = "<group>";
		};
/* End PBXGroup section */

/* Begin PBXNativeTarget section */
		8BB7AC342933345E0024C219 /* instagram */ = {
			isa = PBXNativeTarget;
			buildConfigurationList = 8BB7AC62293334650024C219 /* Build configuration list for PBXNativeTarget "instagram" */;
			buildPhases = (
				A428123993EF4B636927E03C /* [CP] Check Pods Manifest.lock */,
				8BB7AC312933345E0024C219 /* Sources */,
				8BB7AC322933345E0024C219 /* Frameworks */,
				8BB7AC332933345E0024C219 /* Resources */,
				7FE5CA77A95F72E9E608F072 /* [CP] Embed Pods Frameworks */,
			);
			buildRules = (
			);
			dependencies = (
			);
			name = instagram;
			productName = instagram;
			productReference = 8BB7AC352933345E0024C219 /* instagram.app */;
			productType = "com.apple.product-type.application";
		};
		8BB7AC4D293334650024C219 /* instagramTests */ = {
			isa = PBXNativeTarget;
			buildConfigurationList = 8BB7AC65293334650024C219 /* Build configuration list for PBXNativeTarget "instagramTests" */;
			buildPhases = (
				8BB7AC4A293334650024C219 /* Sources */,
				8BB7AC4B293334650024C219 /* Frameworks */,
				8BB7AC4C293334650024C219 /* Resources */,
			);
			buildRules = (
			);
			dependencies = (
				8BB7AC50293334650024C219 /* PBXTargetDependency */,
			);
			name = instagramTests;
			productName = instagramTests;
			productReference = 8BB7AC4E293334650024C219 /* instagramTests.xctest */;
			productType = "com.apple.product-type.bundle.unit-test";
		};
		8BB7AC57293334650024C219 /* instagramUITests */ = {
			isa = PBXNativeTarget;
			buildConfigurationList = 8BB7AC68293334650024C219 /* Build configuration list for PBXNativeTarget "instagramUITests" */;
			buildPhases = (
				8BB7AC54293334650024C219 /* Sources */,
				8BB7AC55293334650024C219 /* Frameworks */,
				8BB7AC56293334650024C219 /* Resources */,
			);
			buildRules = (
			);
			dependencies = (
				8BB7AC5A293334650024C219 /* PBXTargetDependency */,
			);
			name = instagramUITests;
			productName = instagramUITests;
			productReference = 8BB7AC58293334650024C219 /* instagramUITests.xctest */;
			productType = "com.apple.product-type.bundle.ui-testing";
		};
/* End PBXNativeTarget section */

/* Begin PBXProject section */
		8BB7AC2D2933345D0024C219 /* Project object */ = {
			isa = PBXProject;
			attributes = {
				BuildIndependentTargetsInParallel = 1;
				LastSwiftUpdateCheck = 1410;
				LastUpgradeCheck = 1410;
				TargetAttributes = {
					8BB7AC342933345E0024C219 = {
						CreatedOnToolsVersion = 14.1;
					};
					8BB7AC4D293334650024C219 = {
						CreatedOnToolsVersion = 14.1;
						TestTargetID = 8BB7AC342933345E0024C219;
					};
					8BB7AC57293334650024C219 = {
						CreatedOnToolsVersion = 14.1;
						TestTargetID = 8BB7AC342933345E0024C219;
					};
				};
			};
			buildConfigurationList = 8BB7AC302933345D0024C219 /* Build configuration list for PBXProject "instagram" */;
			compatibilityVersion = "Xcode 13.0";
			developmentRegion = en;
			hasScannedForEncodings = 0;
			knownRegions = (
				en,
				Base,
			);
			mainGroup = 8BB7AC2C2933345D0024C219;
			productRefGroup = 8BB7AC362933345E0024C219 /* Products */;
			projectDirPath = "";
			projectRoot = "";
			targets = (
				8BB7AC342933345E0024C219 /* instagram */,
				8BB7AC4D293334650024C219 /* instagramTests */,
				8BB7AC57293334650024C219 /* instagramUITests */,
			);
		};
/* End PBXProject section */

/* Begin PBXResourcesBuildPhase section */
		8BB7AC332933345E0024C219 /* Resources */ = {
			isa = PBXResourcesBuildPhase;
			buildActionMask = 2147483647;
			files = (
				8BB7AC48293334650024C219 /* LaunchScreen.storyboard in Resources */,
				8BE9C48929344ACC007CC965 /* FeedTableViewCell.xib in Resources */,
				8BB7AC45293334650024C219 /* Assets.xcassets in Resources */,
				8BE9C4992934BAF3007CC965 /* ProfileCollectionViewCell.xib in Resources */,
				8BE9C4B9293600E0007CC965 /* NotifyTableViewCell.xib in Resources */,
				8BB6A89D29377348008E34C3 /* DMTableViewCellTwo.xib in Resources */,
				8B0AAAC4294189CB00DA77AA /* SearchBarCollectionViewCell.xib in Resources */,
				8BE9C48E29347F8A007CC965 /* StoryTableViewCell.xib in Resources */,
				8BB6A899293771DB008E34C3 /* DMTableViewCellOne.xib in Resources */,
				8B0BB7A52940C3F30034393B /* ReelsCollectionViewCell.xib in Resources */,
				8B0AAADA2941ECCA00DA77AA /* LikesTableViewCell.xib in Resources */,
				8BE9C4922934857C007CC965 /* StoryCollectionViewCell.xib in Resources */,
				8BE9C49D2934D87B007CC965 /* ProfileCollectionViewCellTwo.xib in Resources */,
				8B0BB7B32941146E0034393B /* CommentTableViewCell.xib in Resources */,
				8B0AAABB29412A1600DA77AA /* FollowRecommendTableViewCell.xib in Resources */,
				8B0AAADE2941ECFE00DA77AA /* LikesTableViewCellTwo.xib in Resources */,
				8BBD4D642936F91B00044BF5 /* ShopCollectionViewCellTwo.xib in Resources */,
				8BB7AC402933345E0024C219 /* Main.storyboard in Resources */,
				8BE9C4A8293510DE007CC965 /* FeedCollectionViewCell.xib in Resources */,
				8BE9C4A12934D99A007CC965 /* ProfileCollectionViewCellThree.xib in Resources */,
				8BBD4D602936F90300044BF5 /* ShopCollectionViewCellOne.xib in Resources */,
			);
			runOnlyForDeploymentPostprocessing = 0;
		};
		8BB7AC4C293334650024C219 /* Resources */ = {
			isa = PBXResourcesBuildPhase;
			buildActionMask = 2147483647;
			files = (
			);
			runOnlyForDeploymentPostprocessing = 0;
		};
		8BB7AC56293334650024C219 /* Resources */ = {
			isa = PBXResourcesBuildPhase;
			buildActionMask = 2147483647;
			files = (
			);
			runOnlyForDeploymentPostprocessing = 0;
		};
/* End PBXResourcesBuildPhase section */

/* Begin PBXShellScriptBuildPhase section */
		7FE5CA77A95F72E9E608F072 /* [CP] Embed Pods Frameworks */ = {
			isa = PBXShellScriptBuildPhase;
			buildActionMask = 2147483647;
			files = (
			);
			inputFileListPaths = (
				"${PODS_ROOT}/Target Support Files/Pods-instagram/Pods-instagram-frameworks-${CONFIGURATION}-input-files.xcfilelist",
			);
			name = "[CP] Embed Pods Frameworks";
			outputFileListPaths = (
				"${PODS_ROOT}/Target Support Files/Pods-instagram/Pods-instagram-frameworks-${CONFIGURATION}-output-files.xcfilelist",
			);
			runOnlyForDeploymentPostprocessing = 0;
			shellPath = /bin/sh;
			shellScript = "\"${PODS_ROOT}/Target Support Files/Pods-instagram/Pods-instagram-frameworks.sh\"\n";
			showEnvVarsInLog = 0;
		};
		A428123993EF4B636927E03C /* [CP] Check Pods Manifest.lock */ = {
			isa = PBXShellScriptBuildPhase;
			buildActionMask = 2147483647;
			files = (
			);
			inputFileListPaths = (
			);
			inputPaths = (
				"${PODS_PODFILE_DIR_PATH}/Podfile.lock",
				"${PODS_ROOT}/Manifest.lock",
			);
			name = "[CP] Check Pods Manifest.lock";
			outputFileListPaths = (
			);
			outputPaths = (
				"$(DERIVED_FILE_DIR)/Pods-instagram-checkManifestLockResult.txt",
			);
			runOnlyForDeploymentPostprocessing = 0;
			shellPath = /bin/sh;
			shellScript = "diff \"${PODS_PODFILE_DIR_PATH}/Podfile.lock\" \"${PODS_ROOT}/Manifest.lock\" > /dev/null\nif [ $? != 0 ] ; then\n    # print error to STDERR\n    echo \"error: The sandbox is not in sync with the Podfile.lock. Run 'pod install' or update your CocoaPods installation.\" >&2\n    exit 1\nfi\n# This output is used by Xcode 'outputs' to avoid re-running this script phase.\necho \"SUCCESS\" > \"${SCRIPT_OUTPUT_FILE_0}\"\n";
			showEnvVarsInLog = 0;
		};
/* End PBXShellScriptBuildPhase section */

/* Begin PBXSourcesBuildPhase section */
		8BB7AC312933345E0024C219 /* Sources */ = {
			isa = PBXSourcesBuildPhase;
			buildActionMask = 2147483647;
			files = (
				8B0AAAE12942152B00DA77AA /* RegisterRequest.swift in Sources */,
				8B0AAAC9294192F100DA77AA /* ShopDetailResponse.swift in Sources */,
				8BE9C4A329350D05007CC965 /* SearchViewController.swift in Sources */,
				8BB6A898293771DB008E34C3 /* DMTableViewCellOne.swift in Sources */,
				8B0BB79D2940A9810034393B /* FollowingResponse.swift in Sources */,
				8BE9C4B32935E00C007CC965 /* UploadViewController.swift in Sources */,
				8BE9C4912934857C007CC965 /* StoryCollectionViewCell.swift in Sources */,
				8BE9C4A7293510DE007CC965 /* FeedCollectionViewCell.swift in Sources */,
				8B0AAAC029412C9600DA77AA /* RecommendDataManager.swift in Sources */,
				8BE9C4B52935FCC4007CC965 /* NotifyViewController.swift in Sources */,
				8BE9C49C2934D87B007CC965 /* ProfileCollectionViewCellTwo.swift in Sources */,
				8BB7AC432933345E0024C219 /* instagram.xcdatamodeld in Sources */,
				8B0AAABA29412A1600DA77AA /* FollowRecommendTableViewCell.swift in Sources */,
				8B0AAAD92941ECCA00DA77AA /* LikesTableViewCell.swift in Sources */,
				8BE9C48829344ACC007CC965 /* FeedTableViewCell.swift in Sources */,
				8B9F0C55294021F3003E2DD5 /* SearchDataManager.swift in Sources */,
				8B0AAAE32942153F00DA77AA /* RegisterResponse.swift in Sources */,
				8BDEEE762937572600DDAC63 /* CommentViewController.swift in Sources */,
				8B0BB7A42940C3F30034393B /* ReelsCollectionViewCell.swift in Sources */,
				8B9F0C3A293E1619003E2DD5 /* SignInDataManager.swift in Sources */,
				8B9F0C49293F6A62003E2DD5 /* VideoPlayerView.swift in Sources */,
				8B9F0C3C293E2A04003E2DD5 /* Constant.swift in Sources */,
				8B0BB7AF294108070034393B /* FeedCommentDataManager.swift in Sources */,
				8B0BB7A82940F2C00034393B /* FeedResponse.swift in Sources */,
				8B0AAAE92942419700DA77AA /* UploadRequest.swift in Sources */,
				8B0AAAEE2942423F00DA77AA /* AlarmResponse.swift in Sources */,
				8BB6A8952937712B008E34C3 /* DMViewController.swift in Sources */,
				8B0AAAC3294189CB00DA77AA /* SearchBarCollectionViewCell.swift in Sources */,
				8BE9C48D29347F8A007CC965 /* StoryTableViewCell.swift in Sources */,
				8BB7AC3D2933345E0024C219 /* ViewController.swift in Sources */,
				8B9F0C5D29402C26003E2DD5 /* UserInfoResponse.swift in Sources */,
				8BE9C4BB2936F06A007CC965 /* RegisterPhoneViewController.swift in Sources */,
				8BBD4D632936F91B00044BF5 /* ShopCollectionViewCellTwo.swift in Sources */,
				8B9F0C6329408734003E2DD5 /* DetailViewController.swift in Sources */,
				8B9F0C5A29402930003E2DD5 /* MyFeedDataManager.swift in Sources */,
				8B0AAAF02942425200DA77AA /* AlarmDataManager.swift in Sources */,
				8B9F0C32293DD223003E2DD5 /* RegisterLastVC.swift in Sources */,
				8B0BB7AD294107EA0034393B /* FeedCommentResponse.swift in Sources */,
				8B0AAAE52942156400DA77AA /* RegisterDataManager.swift in Sources */,
				8BB7AC392933345E0024C219 /* AppDelegate.swift in Sources */,
				8BE9C4942934B69D007CC965 /* ProfileViewController.swift in Sources */,
				8B0BB7B9294122420034393B /* FollowRecommendViewController.swift in Sources */,
				8B0BB79F2940A9940034393B /* FollowerResponse.swift in Sources */,
				8B0AAACB2941933300DA77AA /* ShopDetailDataManager.swift in Sources */,
				8B9F0C6729409FEB003E2DD5 /* MyFeedDetailViewController.swift in Sources */,
				8B9F0C582940291E003E2DD5 /* MyFeedResponse.swift in Sources */,
				8B0AAAC62941904000DA77AA /* ShopDetailViewController.swift in Sources */,
				8B4A80202933C66800BB985E /* RegisterVC.swift in Sources */,
				8B0AAACD2941E46100DA77AA /* LikesViewController.swift in Sources */,
				8BB7AC3B2933345E0024C219 /* SceneDelegate.swift in Sources */,
				8B9F0C34293E0E3A003E2DD5 /* SignupResponse.swift in Sources */,
				8B9F0C53294021DE003E2DD5 /* SearchResponse.swift in Sources */,
				8BE9C4B8293600E0007CC965 /* NotifyTableViewCell.swift in Sources */,
				8B0AAADD2941ECFE00DA77AA /* LikesTableViewCellTwo.swift in Sources */,
				8BE9C485293448A2007CC965 /* HomeViewController.swift in Sources */,
				8BE9C4AB29351B23007CC965 /* ReelsViewController.swift in Sources */,
				8B0AAAE72942417200DA77AA /* UploadResponse.swift in Sources */,
				8BE9C4982934BAF3007CC965 /* ProfileCollectionViewCell.swift in Sources */,
				8B0BB7A12940A9A60034393B /* FollowingDataManager.swift in Sources */,
				8B9F0C38293E1603003E2DD5 /* SignInResponse.swift in Sources */,
				8B0AAABE29412C8100DA77AA /* RecommendResponse.swift in Sources */,
				8B0AAAD52941E63F00DA77AA /* FeedLikesDataManager.swift in Sources */,
				8B9F0C5F29402C39003E2DD5 /* UserInfoDataManager.swift in Sources */,
				8B9F0C47293EE769003E2DD5 /* ShopDataManager.swift in Sources */,
				8BBD4D5C2936F80700044BF5 /* ShopViewController.swift in Sources */,
				8B9F0C4C293F7440003E2DD5 /* ReelsResponse.swift in Sources */,
				8B0AAAD32941E62800DA77AA /* FeedLikesResponse.swift in Sources */,
				8BB6A89C29377348008E34C3 /* DMTableViewCellTwo.swift in Sources */,
				8B0BB7B22941146E0034393B /* CommentTableViewCell.swift in Sources */,
				8B4A801E2933C58500BB985E /* LoginVC.swift in Sources */,
				8B0AAAEB294241B500DA77AA /* UploadDataManager.swift in Sources */,
				8BE9C4A02934D99A007CC965 /* ProfileCollectionViewCellThree.swift in Sources */,
				8BBD4D5F2936F90300044BF5 /* ShopCollectionViewCellOne.swift in Sources */,
				8B9F0C36293E15F0003E2DD5 /* SignInRequest.swift in Sources */,
				8B9F0C4E293F745A003E2DD5 /* ReelsDataManager.swift in Sources */,
				8BE9C4B12935DE68007CC965 /* EveryData.swift in Sources */,
				8B0BB7AA2940F2D30034393B /* FeedDataManager.swift in Sources */,
				8B9F0C43293EE743003E2DD5 /* ShopResponse.swift in Sources */,
			);
			runOnlyForDeploymentPostprocessing = 0;
		};
		8BB7AC4A293334650024C219 /* Sources */ = {
			isa = PBXSourcesBuildPhase;
			buildActionMask = 2147483647;
			files = (
				8BB7AC53293334650024C219 /* instagramTests.swift in Sources */,
			);
			runOnlyForDeploymentPostprocessing = 0;
		};
		8BB7AC54293334650024C219 /* Sources */ = {
			isa = PBXSourcesBuildPhase;
			buildActionMask = 2147483647;
			files = (
				8BB7AC5D293334650024C219 /* instagramUITests.swift in Sources */,
				8BB7AC5F293334650024C219 /* instagramUITestsLaunchTests.swift in Sources */,
			);
			runOnlyForDeploymentPostprocessing = 0;
		};
/* End PBXSourcesBuildPhase section */

/* Begin PBXTargetDependency section */
		8BB7AC50293334650024C219 /* PBXTargetDependency */ = {
			isa = PBXTargetDependency;
			target = 8BB7AC342933345E0024C219 /* instagram */;
			targetProxy = 8BB7AC4F293334650024C219 /* PBXContainerItemProxy */;
		};
		8BB7AC5A293334650024C219 /* PBXTargetDependency */ = {
			isa = PBXTargetDependency;
			target = 8BB7AC342933345E0024C219 /* instagram */;
			targetProxy = 8BB7AC59293334650024C219 /* PBXContainerItemProxy */;
		};
/* End PBXTargetDependency section */

/* Begin PBXVariantGroup section */
		8BB7AC3E2933345E0024C219 /* Main.storyboard */ = {
			isa = PBXVariantGroup;
			children = (
				8BB7AC3F2933345E0024C219 /* Base */,
			);
			name = Main.storyboard;
			sourceTree = "<group>";
		};
		8BB7AC46293334650024C219 /* LaunchScreen.storyboard */ = {
			isa = PBXVariantGroup;
			children = (
				8BB7AC47293334650024C219 /* Base */,
			);
			name = LaunchScreen.storyboard;
			sourceTree = "<group>";
		};
/* End PBXVariantGroup section */

/* Begin XCBuildConfiguration section */
		8BB7AC60293334650024C219 /* Debug */ = {
			isa = XCBuildConfiguration;
			buildSettings = {
				ALWAYS_SEARCH_USER_PATHS = NO;
				CLANG_ANALYZER_NONNULL = YES;
				CLANG_ANALYZER_NUMBER_OBJECT_CONVERSION = YES_AGGRESSIVE;
				CLANG_CXX_LANGUAGE_STANDARD = "gnu++20";
				CLANG_ENABLE_MODULES = YES;
				CLANG_ENABLE_OBJC_ARC = YES;
				CLANG_ENABLE_OBJC_WEAK = YES;
				CLANG_WARN_BLOCK_CAPTURE_AUTORELEASING = YES;
				CLANG_WARN_BOOL_CONVERSION = YES;
				CLANG_WARN_COMMA = YES;
				CLANG_WARN_CONSTANT_CONVERSION = YES;
				CLANG_WARN_DEPRECATED_OBJC_IMPLEMENTATIONS = YES;
				CLANG_WARN_DIRECT_OBJC_ISA_USAGE = YES_ERROR;
				CLANG_WARN_DOCUMENTATION_COMMENTS = YES;
				CLANG_WARN_EMPTY_BODY = YES;
				CLANG_WARN_ENUM_CONVERSION = YES;
				CLANG_WARN_INFINITE_RECURSION = YES;
				CLANG_WARN_INT_CONVERSION = YES;
				CLANG_WARN_NON_LITERAL_NULL_CONVERSION = YES;
				CLANG_WARN_OBJC_IMPLICIT_RETAIN_SELF = YES;
				CLANG_WARN_OBJC_LITERAL_CONVERSION = YES;
				CLANG_WARN_OBJC_ROOT_CLASS = YES_ERROR;
				CLANG_WARN_QUOTED_INCLUDE_IN_FRAMEWORK_HEADER = YES;
				CLANG_WARN_RANGE_LOOP_ANALYSIS = YES;
				CLANG_WARN_STRICT_PROTOTYPES = YES;
				CLANG_WARN_SUSPICIOUS_MOVE = YES;
				CLANG_WARN_UNGUARDED_AVAILABILITY = YES_AGGRESSIVE;
				CLANG_WARN_UNREACHABLE_CODE = YES;
				CLANG_WARN__DUPLICATE_METHOD_MATCH = YES;
				COPY_PHASE_STRIP = NO;
				DEBUG_INFORMATION_FORMAT = dwarf;
				ENABLE_STRICT_OBJC_MSGSEND = YES;
				ENABLE_TESTABILITY = YES;
				GCC_C_LANGUAGE_STANDARD = gnu11;
				GCC_DYNAMIC_NO_PIC = NO;
				GCC_NO_COMMON_BLOCKS = YES;
				GCC_OPTIMIZATION_LEVEL = 0;
				GCC_PREPROCESSOR_DEFINITIONS = (
					"DEBUG=1",
					"$(inherited)",
				);
				GCC_WARN_64_TO_32_BIT_CONVERSION = YES;
				GCC_WARN_ABOUT_RETURN_TYPE = YES_ERROR;
				GCC_WARN_UNDECLARED_SELECTOR = YES;
				GCC_WARN_UNINITIALIZED_AUTOS = YES_AGGRESSIVE;
				GCC_WARN_UNUSED_FUNCTION = YES;
				GCC_WARN_UNUSED_VARIABLE = YES;
				IPHONEOS_DEPLOYMENT_TARGET = 16.1;
				MTL_ENABLE_DEBUG_INFO = INCLUDE_SOURCE;
				MTL_FAST_MATH = YES;
				ONLY_ACTIVE_ARCH = YES;
				SDKROOT = iphoneos;
				SWIFT_ACTIVE_COMPILATION_CONDITIONS = DEBUG;
				SWIFT_OPTIMIZATION_LEVEL = "-Onone";
			};
			name = Debug;
		};
		8BB7AC61293334650024C219 /* Release */ = {
			isa = XCBuildConfiguration;
			buildSettings = {
				ALWAYS_SEARCH_USER_PATHS = NO;
				CLANG_ANALYZER_NONNULL = YES;
				CLANG_ANALYZER_NUMBER_OBJECT_CONVERSION = YES_AGGRESSIVE;
				CLANG_CXX_LANGUAGE_STANDARD = "gnu++20";
				CLANG_ENABLE_MODULES = YES;
				CLANG_ENABLE_OBJC_ARC = YES;
				CLANG_ENABLE_OBJC_WEAK = YES;
				CLANG_WARN_BLOCK_CAPTURE_AUTORELEASING = YES;
				CLANG_WARN_BOOL_CONVERSION = YES;
				CLANG_WARN_COMMA = YES;
				CLANG_WARN_CONSTANT_CONVERSION = YES;
				CLANG_WARN_DEPRECATED_OBJC_IMPLEMENTATIONS = YES;
				CLANG_WARN_DIRECT_OBJC_ISA_USAGE = YES_ERROR;
				CLANG_WARN_DOCUMENTATION_COMMENTS = YES;
				CLANG_WARN_EMPTY_BODY = YES;
				CLANG_WARN_ENUM_CONVERSION = YES;
				CLANG_WARN_INFINITE_RECURSION = YES;
				CLANG_WARN_INT_CONVERSION = YES;
				CLANG_WARN_NON_LITERAL_NULL_CONVERSION = YES;
				CLANG_WARN_OBJC_IMPLICIT_RETAIN_SELF = YES;
				CLANG_WARN_OBJC_LITERAL_CONVERSION = YES;
				CLANG_WARN_OBJC_ROOT_CLASS = YES_ERROR;
				CLANG_WARN_QUOTED_INCLUDE_IN_FRAMEWORK_HEADER = YES;
				CLANG_WARN_RANGE_LOOP_ANALYSIS = YES;
				CLANG_WARN_STRICT_PROTOTYPES = YES;
				CLANG_WARN_SUSPICIOUS_MOVE = YES;
				CLANG_WARN_UNGUARDED_AVAILABILITY = YES_AGGRESSIVE;
				CLANG_WARN_UNREACHABLE_CODE = YES;
				CLANG_WARN__DUPLICATE_METHOD_MATCH = YES;
				COPY_PHASE_STRIP = NO;
				DEBUG_INFORMATION_FORMAT = "dwarf-with-dsym";
				ENABLE_NS_ASSERTIONS = NO;
				ENABLE_STRICT_OBJC_MSGSEND = YES;
				GCC_C_LANGUAGE_STANDARD = gnu11;
				GCC_NO_COMMON_BLOCKS = YES;
				GCC_WARN_64_TO_32_BIT_CONVERSION = YES;
				GCC_WARN_ABOUT_RETURN_TYPE = YES_ERROR;
				GCC_WARN_UNDECLARED_SELECTOR = YES;
				GCC_WARN_UNINITIALIZED_AUTOS = YES_AGGRESSIVE;
				GCC_WARN_UNUSED_FUNCTION = YES;
				GCC_WARN_UNUSED_VARIABLE = YES;
				IPHONEOS_DEPLOYMENT_TARGET = 16.1;
				MTL_ENABLE_DEBUG_INFO = NO;
				MTL_FAST_MATH = YES;
				SDKROOT = iphoneos;
				SWIFT_COMPILATION_MODE = wholemodule;
				SWIFT_OPTIMIZATION_LEVEL = "-O";
				VALIDATE_PRODUCT = YES;
			};
			name = Release;
		};
		8BB7AC63293334650024C219 /* Debug */ = {
			isa = XCBuildConfiguration;
			baseConfigurationReference = 8EF5AAF4B13E9199F28207B4 /* Pods-instagram.debug.xcconfig */;
			buildSettings = {
				ASSETCATALOG_COMPILER_APPICON_NAME = AppIcon;
				ASSETCATALOG_COMPILER_GLOBAL_ACCENT_COLOR_NAME = AccentColor;
				CODE_SIGN_STYLE = Automatic;
				CURRENT_PROJECT_VERSION = 1;
				DEVELOPMENT_TEAM = SCDJJYX64B;
				GENERATE_INFOPLIST_FILE = YES;
				INFOPLIST_FILE = instagram/Info.plist;
				INFOPLIST_KEY_NSPhotoLibraryUsageDescription = "use album";
				INFOPLIST_KEY_UIApplicationSupportsIndirectInputEvents = YES;
				INFOPLIST_KEY_UILaunchStoryboardName = LaunchScreen;
				INFOPLIST_KEY_UIMainStoryboardFile = Main;
				INFOPLIST_KEY_UISupportedInterfaceOrientations_iPad = "UIInterfaceOrientationPortrait UIInterfaceOrientationPortraitUpsideDown UIInterfaceOrientationLandscapeLeft UIInterfaceOrientationLandscapeRight";
				INFOPLIST_KEY_UISupportedInterfaceOrientations_iPhone = "UIInterfaceOrientationPortrait UIInterfaceOrientationLandscapeLeft UIInterfaceOrientationLandscapeRight";
				LD_RUNPATH_SEARCH_PATHS = (
					"$(inherited)",
					"@executable_path/Frameworks",
				);
				MARKETING_VERSION = 1.0;
				PRODUCT_BUNDLE_IDENTIFIER = com.softsquared.ios.instagram;
				PRODUCT_NAME = "$(TARGET_NAME)";
				SWIFT_EMIT_LOC_STRINGS = YES;
				SWIFT_VERSION = 5.0;
				TARGETED_DEVICE_FAMILY = "1,2";
			};
			name = Debug;
		};
		8BB7AC64293334650024C219 /* Release */ = {
			isa = XCBuildConfiguration;
			baseConfigurationReference = B068A617387EA60914AEEB26 /* Pods-instagram.release.xcconfig */;
			buildSettings = {
				ASSETCATALOG_COMPILER_APPICON_NAME = AppIcon;
				ASSETCATALOG_COMPILER_GLOBAL_ACCENT_COLOR_NAME = AccentColor;
				CODE_SIGN_STYLE = Automatic;
				CURRENT_PROJECT_VERSION = 1;
				DEVELOPMENT_TEAM = SCDJJYX64B;
				GENERATE_INFOPLIST_FILE = YES;
				INFOPLIST_FILE = instagram/Info.plist;
				INFOPLIST_KEY_NSPhotoLibraryUsageDescription = "use album";
				INFOPLIST_KEY_UIApplicationSupportsIndirectInputEvents = YES;
				INFOPLIST_KEY_UILaunchStoryboardName = LaunchScreen;
				INFOPLIST_KEY_UIMainStoryboardFile = Main;
				INFOPLIST_KEY_UISupportedInterfaceOrientations_iPad = "UIInterfaceOrientationPortrait UIInterfaceOrientationPortraitUpsideDown UIInterfaceOrientationLandscapeLeft UIInterfaceOrientationLandscapeRight";
				INFOPLIST_KEY_UISupportedInterfaceOrientations_iPhone = "UIInterfaceOrientationPortrait UIInterfaceOrientationLandscapeLeft UIInterfaceOrientationLandscapeRight";
				LD_RUNPATH_SEARCH_PATHS = (
					"$(inherited)",
					"@executable_path/Frameworks",
				);
				MARKETING_VERSION = 1.0;
				PRODUCT_BUNDLE_IDENTIFIER = com.softsquared.ios.instagram;
				PRODUCT_NAME = "$(TARGET_NAME)";
				SWIFT_EMIT_LOC_STRINGS = YES;
				SWIFT_VERSION = 5.0;
				TARGETED_DEVICE_FAMILY = "1,2";
			};
			name = Release;
		};
		8BB7AC66293334650024C219 /* Debug */ = {
			isa = XCBuildConfiguration;
			buildSettings = {
				ALWAYS_EMBED_SWIFT_STANDARD_LIBRARIES = YES;
				BUNDLE_LOADER = "$(TEST_HOST)";
				CODE_SIGN_STYLE = Automatic;
				CURRENT_PROJECT_VERSION = 1;
				DEVELOPMENT_TEAM = SCDJJYX64B;
				GENERATE_INFOPLIST_FILE = YES;
				IPHONEOS_DEPLOYMENT_TARGET = 16.1;
				MARKETING_VERSION = 1.0;
				PRODUCT_BUNDLE_IDENTIFIER = com.softsquared.ios.instagramTests;
				PRODUCT_NAME = "$(TARGET_NAME)";
				SWIFT_EMIT_LOC_STRINGS = NO;
				SWIFT_VERSION = 5.0;
				TARGETED_DEVICE_FAMILY = "1,2";
				TEST_HOST = "$(BUILT_PRODUCTS_DIR)/instagram.app/$(BUNDLE_EXECUTABLE_FOLDER_PATH)/instagram";
			};
			name = Debug;
		};
		8BB7AC67293334650024C219 /* Release */ = {
			isa = XCBuildConfiguration;
			buildSettings = {
				ALWAYS_EMBED_SWIFT_STANDARD_LIBRARIES = YES;
				BUNDLE_LOADER = "$(TEST_HOST)";
				CODE_SIGN_STYLE = Automatic;
				CURRENT_PROJECT_VERSION = 1;
				DEVELOPMENT_TEAM = SCDJJYX64B;
				GENERATE_INFOPLIST_FILE = YES;
				IPHONEOS_DEPLOYMENT_TARGET = 16.1;
				MARKETING_VERSION = 1.0;
				PRODUCT_BUNDLE_IDENTIFIER = com.softsquared.ios.instagramTests;
				PRODUCT_NAME = "$(TARGET_NAME)";
				SWIFT_EMIT_LOC_STRINGS = NO;
				SWIFT_VERSION = 5.0;
				TARGETED_DEVICE_FAMILY = "1,2";
				TEST_HOST = "$(BUILT_PRODUCTS_DIR)/instagram.app/$(BUNDLE_EXECUTABLE_FOLDER_PATH)/instagram";
			};
			name = Release;
		};
		8BB7AC69293334650024C219 /* Debug */ = {
			isa = XCBuildConfiguration;
			buildSettings = {
				ALWAYS_EMBED_SWIFT_STANDARD_LIBRARIES = YES;
				CODE_SIGN_STYLE = Automatic;
				CURRENT_PROJECT_VERSION = 1;
				DEVELOPMENT_TEAM = SCDJJYX64B;
				GENERATE_INFOPLIST_FILE = YES;
				MARKETING_VERSION = 1.0;
				PRODUCT_BUNDLE_IDENTIFIER = com.softsquared.ios.instagramUITests;
				PRODUCT_NAME = "$(TARGET_NAME)";
				SWIFT_EMIT_LOC_STRINGS = NO;
				SWIFT_VERSION = 5.0;
				TARGETED_DEVICE_FAMILY = "1,2";
				TEST_TARGET_NAME = instagram;
			};
			name = Debug;
		};
		8BB7AC6A293334650024C219 /* Release */ = {
			isa = XCBuildConfiguration;
			buildSettings = {
				ALWAYS_EMBED_SWIFT_STANDARD_LIBRARIES = YES;
				CODE_SIGN_STYLE = Automatic;
				CURRENT_PROJECT_VERSION = 1;
				DEVELOPMENT_TEAM = SCDJJYX64B;
				GENERATE_INFOPLIST_FILE = YES;
				MARKETING_VERSION = 1.0;
				PRODUCT_BUNDLE_IDENTIFIER = com.softsquared.ios.instagramUITests;
				PRODUCT_NAME = "$(TARGET_NAME)";
				SWIFT_EMIT_LOC_STRINGS = NO;
				SWIFT_VERSION = 5.0;
				TARGETED_DEVICE_FAMILY = "1,2";
				TEST_TARGET_NAME = instagram;
			};
			name = Release;
		};
/* End XCBuildConfiguration section */

/* Begin XCConfigurationList section */
		8BB7AC302933345D0024C219 /* Build configuration list for PBXProject "instagram" */ = {
			isa = XCConfigurationList;
			buildConfigurations = (
				8BB7AC60293334650024C219 /* Debug */,
				8BB7AC61293334650024C219 /* Release */,
			);
			defaultConfigurationIsVisible = 0;
			defaultConfigurationName = Release;
		};
		8BB7AC62293334650024C219 /* Build configuration list for PBXNativeTarget "instagram" */ = {
			isa = XCConfigurationList;
			buildConfigurations = (
				8BB7AC63293334650024C219 /* Debug */,
				8BB7AC64293334650024C219 /* Release */,
			);
			defaultConfigurationIsVisible = 0;
			defaultConfigurationName = Release;
		};
		8BB7AC65293334650024C219 /* Build configuration list for PBXNativeTarget "instagramTests" */ = {
			isa = XCConfigurationList;
			buildConfigurations = (
				8BB7AC66293334650024C219 /* Debug */,
				8BB7AC67293334650024C219 /* Release */,
			);
			defaultConfigurationIsVisible = 0;
			defaultConfigurationName = Release;
		};
		8BB7AC68293334650024C219 /* Build configuration list for PBXNativeTarget "instagramUITests" */ = {
			isa = XCConfigurationList;
			buildConfigurations = (
				8BB7AC69293334650024C219 /* Debug */,
				8BB7AC6A293334650024C219 /* Release */,
			);
			defaultConfigurationIsVisible = 0;
			defaultConfigurationName = Release;
		};
/* End XCConfigurationList section */

/* Begin XCVersionGroup section */
		8BB7AC412933345E0024C219 /* instagram.xcdatamodeld */ = {
			isa = XCVersionGroup;
			children = (
				8BB7AC422933345E0024C219 /* instagram.xcdatamodel */,
			);
			currentVersion = 8BB7AC422933345E0024C219 /* instagram.xcdatamodel */;
			path = instagram.xcdatamodeld;
			sourceTree = "<group>";
			versionGroupType = wrapper.xcdatamodel;
		};
/* End XCVersionGroup section */
	};
	rootObject = 8BB7AC2D2933345D0024C219 /* Project object */;
}
